// !$*UTF8*$!
{
	archiveVersion = 1;
	classes = {
	};
	objectVersion = 55;
	objects = {

/* Begin PBXBuildFile section */
		025452803058480ACCE1E41F /* AnalyzingConsumptionView.swift in Sources */ = {isa = PBXBuildFile; fileRef = 3E78416B2127D66B38F8EAF3 /* AnalyzingConsumptionView.swift */; };
		02F0391F78C6965B50217F7D /* ResultHabitView.swift in Sources */ = {isa = PBXBuildFile; fileRef = 49BB773F02809441CC0CC169 /* ResultHabitView.swift */; };
		040E6F3592E71EF441127250 /* SplashLoginCoordinatorView.swift in Sources */ = {isa = PBXBuildFile; fileRef = 28BA83533A8F800F24278983 /* SplashLoginCoordinatorView.swift */; };
		2B9D6CC7693580B36873FAF1 /* AuthRequestPageFeature.swift in Sources */ = {isa = PBXBuildFile; fileRef = 2C446D267E8378C741D8E54A /* AuthRequestPageFeature.swift */; };
		363A2663FF1277BD8C1D4B3D /* SplashLoginCoordinator.swift in Sources */ = {isa = PBXBuildFile; fileRef = 75AC15B37DF386AC94E8F9B4 /* SplashLoginCoordinator.swift */; };
		38E97F99294477B86156FC3C /* TCACoordinators.framework in Frameworks */ = {isa = PBXBuildFile; fileRef = 61A82FFADE86BBBAC41A4B70 /* TCACoordinators.framework */; };
		3B8CECDD14FE4376CE12CBFA /* ResultHabitFeature.swift in Sources */ = {isa = PBXBuildFile; fileRef = CDA509C884A253B1D09BF662 /* ResultHabitFeature.swift */; };
		4069B67C31FAB632F0DA3B5D /* SelectExpenditureDateViewFeature.swift in Sources */ = {isa = PBXBuildFile; fileRef = 43E3038BB1C3CE802C103079 /* SelectExpenditureDateViewFeature.swift */; };
		4A6C79DAD3D329CFD9969FC9 /* FeatureCommon.framework in Frameworks */ = {isa = PBXBuildFile; fileRef = 476C76989C2101FF4C743BC9 /* FeatureCommon.framework */; };
		56860C79A285BBEBD49EC6F8 /* AuthRequestView.swift in Sources */ = {isa = PBXBuildFile; fileRef = A0C6488000D376D61C20E488 /* AuthRequestView.swift */; };
		58344ABA3D4C9FC887958CA2 /* PopupView.framework in Frameworks */ = {isa = PBXBuildFile; fileRef = FD1CEDCB4740142603374F03 /* PopupView.framework */; };
		62C96A036A92CA3C337A3112 /* AnalysisView.swift in Sources */ = {isa = PBXBuildFile; fileRef = 27A173E807D77A98718B2FEE /* AnalysisView.swift */; };
		6940B9AF7ADD2B3507D32F3A /* AnalysisFeature.swift in Sources */ = {isa = PBXBuildFile; fileRef = 96A8A2171F66D282F23707F6 /* AnalysisFeature.swift */; };
		71931D2DE7D4282B3B61EB89 /* ComsumptionHabitsView.swift in Sources */ = {isa = PBXBuildFile; fileRef = 42EC458AFB7F7FF530EF6B88 /* ComsumptionHabitsView.swift */; };
		91785FEF43ABB916FA128DD2 /* SplashView.swift in Sources */ = {isa = PBXBuildFile; fileRef = 7377849BFAE18EC96AFB9DBC /* SplashView.swift */; };
		A2634DEECE5239CE3211C92C /* AuthPageView.swift in Sources */ = {isa = PBXBuildFile; fileRef = BC3CBDAF17B3E295ABC7E83B /* AuthPageView.swift */; };
		AA92194F3CB2BEF897FDEC1C /* Data.framework in Frameworks */ = {isa = PBXBuildFile; fileRef = 1158FE6BA43A3D48319A3309 /* Data.framework */; };
		AF63EC78AC07BBF797F02909 /* Kingfisher.framework in Frameworks */ = {isa = PBXBuildFile; fileRef = A1BF3446993C5D17BFCD9573 /* Kingfisher.framework */; };
		AFC5315EF2A7661276217E4D /* AnalyzingConsumptionFeature.swift in Sources */ = {isa = PBXBuildFile; fileRef = D2F167006ABC158E020E2301 /* AnalyzingConsumptionFeature.swift */; };
		B486D55EDF04E7BAA8058125 /* ComsumptionHabitsViewFeature.swift in Sources */ = {isa = PBXBuildFile; fileRef = 0E7D0A8422D415261F96D4B5 /* ComsumptionHabitsViewFeature.swift */; };
		BFCE9883588BC700E45B230A /* ShoppingCheckListViewFeature.swift in Sources */ = {isa = PBXBuildFile; fileRef = D12D77BA8EDC1DECE766F859 /* ShoppingCheckListViewFeature.swift */; };
		C9857D04921EFCC43EC2125F /* Utils.framework in Frameworks */ = {isa = PBXBuildFile; fileRef = 1012B4C5D84D1D8F552C2DB5 /* Utils.framework */; };
		CC3083D450739CA3741BFB1E /* ComposableArchitecture.framework in Frameworks */ = {isa = PBXBuildFile; fileRef = 4F09CC9DA4DEF21946553B55 /* ComposableArchitecture.framework */; };
		D521AE656004A02FCE5E6B6C /* AuthRequestFeature.swift in Sources */ = {isa = PBXBuildFile; fileRef = 42118026C3E1C7166268E856 /* AuthRequestFeature.swift */; };
		DAB98CBB020EC4195150EAF7 /* LoginViewFeature.swift in Sources */ = {isa = PBXBuildFile; fileRef = 4375A536B43C03D9A7A1337A /* LoginViewFeature.swift */; };
		E0D6B4A6FB551081DEDA4708 /* ShoppingCheckListView.swift in Sources */ = {isa = PBXBuildFile; fileRef = DB37A45017A8F1BE07EAD24D /* ShoppingCheckListView.swift */; };
		F0AF01EF09681D53BE45E435 /* GBLoginView.swift in Sources */ = {isa = PBXBuildFile; fileRef = 4A37AEDBB123D49B141A4696 /* GBLoginView.swift */; };
		F4685A211913E347E6D62E7A /* SplashFeature.swift in Sources */ = {isa = PBXBuildFile; fileRef = 9D5731BE537FA6B4479EB098 /* SplashFeature.swift */; };
		FF9802A9D4110D0B80DFCC08 /* SelectExpenditureDateView.swift in Sources */ = {isa = PBXBuildFile; fileRef = 89B6DEAFCB914810092E9836 /* SelectExpenditureDateView.swift */; };
/* End PBXBuildFile section */

/* Begin PBXCopyFilesBuildPhase section */
		9056EB02229C3541C3B1F461 /* Embed Frameworks */ = {
			isa = PBXCopyFilesBuildPhase;
			buildActionMask = 2147483647;
			dstPath = "";
			dstSubfolderSpec = 10;
			files = (
			);
			name = "Embed Frameworks";
			runOnlyForDeploymentPostprocessing = 0;
		};
/* End PBXCopyFilesBuildPhase section */

/* Begin PBXFileReference section */
		092FDD26E372DA931C188A40 /* FeatureIntro.framework */ = {isa = PBXFileReference; explicitFileType = wrapper.framework; includeInIndex = 0; path = FeatureIntro.framework; sourceTree = BUILT_PRODUCTS_DIR; };
		0E7D0A8422D415261F96D4B5 /* ComsumptionHabitsViewFeature.swift */ = {isa = PBXFileReference; lastKnownFileType = sourcecode.swift; path = ComsumptionHabitsViewFeature.swift; sourceTree = "<group>"; };
		1012B4C5D84D1D8F552C2DB5 /* Utils.framework */ = {isa = PBXFileReference; explicitFileType = wrapper.framework; includeInIndex = 0; path = Utils.framework; sourceTree = BUILT_PRODUCTS_DIR; };
		1158FE6BA43A3D48319A3309 /* Data.framework */ = {isa = PBXFileReference; explicitFileType = wrapper.framework; includeInIndex = 0; path = Data.framework; sourceTree = BUILT_PRODUCTS_DIR; };
		27A173E807D77A98718B2FEE /* AnalysisView.swift */ = {isa = PBXFileReference; lastKnownFileType = sourcecode.swift; path = AnalysisView.swift; sourceTree = "<group>"; };
		28BA83533A8F800F24278983 /* SplashLoginCoordinatorView.swift */ = {isa = PBXFileReference; lastKnownFileType = sourcecode.swift; path = SplashLoginCoordinatorView.swift; sourceTree = "<group>"; };
		2C446D267E8378C741D8E54A /* AuthRequestPageFeature.swift */ = {isa = PBXFileReference; lastKnownFileType = sourcecode.swift; path = AuthRequestPageFeature.swift; sourceTree = "<group>"; };
		3E78416B2127D66B38F8EAF3 /* AnalyzingConsumptionView.swift */ = {isa = PBXFileReference; lastKnownFileType = sourcecode.swift; path = AnalyzingConsumptionView.swift; sourceTree = "<group>"; };
		42118026C3E1C7166268E856 /* AuthRequestFeature.swift */ = {isa = PBXFileReference; lastKnownFileType = sourcecode.swift; path = AuthRequestFeature.swift; sourceTree = "<group>"; };
		42EC458AFB7F7FF530EF6B88 /* ComsumptionHabitsView.swift */ = {isa = PBXFileReference; lastKnownFileType = sourcecode.swift; path = ComsumptionHabitsView.swift; sourceTree = "<group>"; };
		4375A536B43C03D9A7A1337A /* LoginViewFeature.swift */ = {isa = PBXFileReference; lastKnownFileType = sourcecode.swift; path = LoginViewFeature.swift; sourceTree = "<group>"; };
		43E3038BB1C3CE802C103079 /* SelectExpenditureDateViewFeature.swift */ = {isa = PBXFileReference; lastKnownFileType = sourcecode.swift; path = SelectExpenditureDateViewFeature.swift; sourceTree = "<group>"; };
		476C76989C2101FF4C743BC9 /* FeatureCommon.framework */ = {isa = PBXFileReference; explicitFileType = wrapper.framework; includeInIndex = 0; path = FeatureCommon.framework; sourceTree = BUILT_PRODUCTS_DIR; };
		49BB773F02809441CC0CC169 /* ResultHabitView.swift */ = {isa = PBXFileReference; lastKnownFileType = sourcecode.swift; path = ResultHabitView.swift; sourceTree = "<group>"; };
		4A37AEDBB123D49B141A4696 /* GBLoginView.swift */ = {isa = PBXFileReference; lastKnownFileType = sourcecode.swift; path = GBLoginView.swift; sourceTree = "<group>"; };
		4F09CC9DA4DEF21946553B55 /* ComposableArchitecture.framework */ = {isa = PBXFileReference; explicitFileType = wrapper.framework; includeInIndex = 0; path = ComposableArchitecture.framework; sourceTree = BUILT_PRODUCTS_DIR; };
		61A82FFADE86BBBAC41A4B70 /* TCACoordinators.framework */ = {isa = PBXFileReference; explicitFileType = wrapper.framework; includeInIndex = 0; path = TCACoordinators.framework; sourceTree = BUILT_PRODUCTS_DIR; };
		7377849BFAE18EC96AFB9DBC /* SplashView.swift */ = {isa = PBXFileReference; lastKnownFileType = sourcecode.swift; path = SplashView.swift; sourceTree = "<group>"; };
		75AC15B37DF386AC94E8F9B4 /* SplashLoginCoordinator.swift */ = {isa = PBXFileReference; lastKnownFileType = sourcecode.swift; path = SplashLoginCoordinator.swift; sourceTree = "<group>"; };
		89B6DEAFCB914810092E9836 /* SelectExpenditureDateView.swift */ = {isa = PBXFileReference; lastKnownFileType = sourcecode.swift; path = SelectExpenditureDateView.swift; sourceTree = "<group>"; };
		96A8A2171F66D282F23707F6 /* AnalysisFeature.swift */ = {isa = PBXFileReference; lastKnownFileType = sourcecode.swift; path = AnalysisFeature.swift; sourceTree = "<group>"; };
		9D5731BE537FA6B4479EB098 /* SplashFeature.swift */ = {isa = PBXFileReference; lastKnownFileType = sourcecode.swift; path = SplashFeature.swift; sourceTree = "<group>"; };
		A0C6488000D376D61C20E488 /* AuthRequestView.swift */ = {isa = PBXFileReference; lastKnownFileType = sourcecode.swift; path = AuthRequestView.swift; sourceTree = "<group>"; };
		A1BF3446993C5D17BFCD9573 /* Kingfisher.framework */ = {isa = PBXFileReference; explicitFileType = wrapper.framework; includeInIndex = 0; path = Kingfisher.framework; sourceTree = BUILT_PRODUCTS_DIR; };
		B56A82D3B9ADC2528E84DE58 /* FeatureIntro-Info.plist */ = {isa = PBXFileReference; lastKnownFileType = text.plist; path = "FeatureIntro-Info.plist"; sourceTree = "<group>"; };
		BC3CBDAF17B3E295ABC7E83B /* AuthPageView.swift */ = {isa = PBXFileReference; lastKnownFileType = sourcecode.swift; path = AuthPageView.swift; sourceTree = "<group>"; };
		CDA509C884A253B1D09BF662 /* ResultHabitFeature.swift */ = {isa = PBXFileReference; lastKnownFileType = sourcecode.swift; path = ResultHabitFeature.swift; sourceTree = "<group>"; };
		D12D77BA8EDC1DECE766F859 /* ShoppingCheckListViewFeature.swift */ = {isa = PBXFileReference; lastKnownFileType = sourcecode.swift; path = ShoppingCheckListViewFeature.swift; sourceTree = "<group>"; };
		D2F167006ABC158E020E2301 /* AnalyzingConsumptionFeature.swift */ = {isa = PBXFileReference; lastKnownFileType = sourcecode.swift; path = AnalyzingConsumptionFeature.swift; sourceTree = "<group>"; };
		DB37A45017A8F1BE07EAD24D /* ShoppingCheckListView.swift */ = {isa = PBXFileReference; lastKnownFileType = sourcecode.swift; path = ShoppingCheckListView.swift; sourceTree = "<group>"; };
		FD1CEDCB4740142603374F03 /* PopupView.framework */ = {isa = PBXFileReference; explicitFileType = wrapper.framework; includeInIndex = 0; path = PopupView.framework; sourceTree = BUILT_PRODUCTS_DIR; };
/* End PBXFileReference section */

/* Begin PBXFrameworksBuildPhase section */
		20B8646AB9B1979A3ACE114E /* Frameworks */ = {
			isa = PBXFrameworksBuildPhase;
			buildActionMask = 2147483647;
			files = (
				CC3083D450739CA3741BFB1E /* ComposableArchitecture.framework in Frameworks */,
				AA92194F3CB2BEF897FDEC1C /* Data.framework in Frameworks */,
				4A6C79DAD3D329CFD9969FC9 /* FeatureCommon.framework in Frameworks */,
				AF63EC78AC07BBF797F02909 /* Kingfisher.framework in Frameworks */,
				58344ABA3D4C9FC887958CA2 /* PopupView.framework in Frameworks */,
				38E97F99294477B86156FC3C /* TCACoordinators.framework in Frameworks */,
				C9857D04921EFCC43EC2125F /* Utils.framework in Frameworks */,
			);
			runOnlyForDeploymentPostprocessing = 0;
		};
/* End PBXFrameworksBuildPhase section */

/* Begin PBXGroup section */
		036F97A21A55C09BB8CEFC91 /* Splash */ = {
			isa = PBXGroup;
			children = (
				9D5731BE537FA6B4479EB098 /* SplashFeature.swift */,
				7377849BFAE18EC96AFB9DBC /* SplashView.swift */,
			);
			path = Splash;
			sourceTree = "<group>";
		};
		0B07A98E96A2EE4A6ED22F83 = {
			isa = PBXGroup;
			children = (
				FBDAA0A1DCF6BCB97344D4B4 /* Project */,
				654D7E4E2A50F628BA78462F /* Products */,
			);
			sourceTree = "<group>";
		};
		24E7FBB8B096CD288465DB21 /* Login */ = {
			isa = PBXGroup;
			children = (
				A397B6DE2BC3EA20506E3CAD /* Analysis */,
				80D38CD6C526F78179BDB834 /* AnalyzingConsumption */,
				9AB82A4984D955C58E2D37A0 /* ConsumptionHabits */,
				A367D54B86937C28D96A2897 /* ResultHabit */,
				C8EDD6EADF55D7E9BC8D826C /* SelectExpenditureDateView */,
				B64194993C327CCEF298DCB5 /* ShoppingCheckList */,
				4A37AEDBB123D49B141A4696 /* GBLoginView.swift */,
				4375A536B43C03D9A7A1337A /* LoginViewFeature.swift */,
			);
			path = Login;
			sourceTree = "<group>";
		};
		654D7E4E2A50F628BA78462F /* Products */ = {
			isa = PBXGroup;
			children = (
				4F09CC9DA4DEF21946553B55 /* ComposableArchitecture.framework */,
				1158FE6BA43A3D48319A3309 /* Data.framework */,
				476C76989C2101FF4C743BC9 /* FeatureCommon.framework */,
				092FDD26E372DA931C188A40 /* FeatureIntro.framework */,
				A1BF3446993C5D17BFCD9573 /* Kingfisher.framework */,
				FD1CEDCB4740142603374F03 /* PopupView.framework */,
				61A82FFADE86BBBAC41A4B70 /* TCACoordinators.framework */,
				1012B4C5D84D1D8F552C2DB5 /* Utils.framework */,
			);
			name = Products;
			sourceTree = "<group>";
		};
		758507B7CB1CFCF94E8FBFE1 /* Derived */ = {
			isa = PBXGroup;
			children = (
				A79B5E1D117C56F3C12FC294 /* InfoPlists */,
			);
			path = Derived;
			sourceTree = "<group>";
		};
		80D38CD6C526F78179BDB834 /* AnalyzingConsumption */ = {
			isa = PBXGroup;
			children = (
				D2F167006ABC158E020E2301 /* AnalyzingConsumptionFeature.swift */,
				3E78416B2127D66B38F8EAF3 /* AnalyzingConsumptionView.swift */,
			);
			path = AnalyzingConsumption;
			sourceTree = "<group>";
		};
		9AB82A4984D955C58E2D37A0 /* ConsumptionHabits */ = {
			isa = PBXGroup;
			children = (
				42EC458AFB7F7FF530EF6B88 /* ComsumptionHabitsView.swift */,
				0E7D0A8422D415261F96D4B5 /* ComsumptionHabitsViewFeature.swift */,
			);
			path = ConsumptionHabits;
			sourceTree = "<group>";
		};
		A367D54B86937C28D96A2897 /* ResultHabit */ = {
			isa = PBXGroup;
			children = (
				CDA509C884A253B1D09BF662 /* ResultHabitFeature.swift */,
				49BB773F02809441CC0CC169 /* ResultHabitView.swift */,
			);
			path = ResultHabit;
			sourceTree = "<group>";
		};
		A397B6DE2BC3EA20506E3CAD /* Analysis */ = {
			isa = PBXGroup;
			children = (
				96A8A2171F66D282F23707F6 /* AnalysisFeature.swift */,
				27A173E807D77A98718B2FEE /* AnalysisView.swift */,
			);
			path = Analysis;
			sourceTree = "<group>";
		};
		A79B5E1D117C56F3C12FC294 /* InfoPlists */ = {
			isa = PBXGroup;
			children = (
				B56A82D3B9ADC2528E84DE58 /* FeatureIntro-Info.plist */,
			);
			path = InfoPlists;
			sourceTree = "<group>";
		};
		B10DFC316659C6537F5B7F2A /* Auth */ = {
			isa = PBXGroup;
			children = (
				BC3CBDAF17B3E295ABC7E83B /* AuthPageView.swift */,
				42118026C3E1C7166268E856 /* AuthRequestFeature.swift */,
				2C446D267E8378C741D8E54A /* AuthRequestPageFeature.swift */,
				A0C6488000D376D61C20E488 /* AuthRequestView.swift */,
			);
			path = Auth;
			sourceTree = "<group>";
		};
		B64194993C327CCEF298DCB5 /* ShoppingCheckList */ = {
			isa = PBXGroup;
			children = (
				DB37A45017A8F1BE07EAD24D /* ShoppingCheckListView.swift */,
				D12D77BA8EDC1DECE766F859 /* ShoppingCheckListViewFeature.swift */,
			);
			path = ShoppingCheckList;
			sourceTree = "<group>";
		};
		C8EDD6EADF55D7E9BC8D826C /* SelectExpenditureDateView */ = {
			isa = PBXGroup;
			children = (
				89B6DEAFCB914810092E9836 /* SelectExpenditureDateView.swift */,
				43E3038BB1C3CE802C103079 /* SelectExpenditureDateViewFeature.swift */,
			);
			path = SelectExpenditureDateView;
			sourceTree = "<group>";
		};
		EE88A2D0C035ADF0B37ED60E /* Sources */ = {
			isa = PBXGroup;
			children = (
				B10DFC316659C6537F5B7F2A /* Auth */,
				24E7FBB8B096CD288465DB21 /* Login */,
				036F97A21A55C09BB8CEFC91 /* Splash */,
				75AC15B37DF386AC94E8F9B4 /* SplashLoginCoordinator.swift */,
				28BA83533A8F800F24278983 /* SplashLoginCoordinatorView.swift */,
			);
			path = Sources;
			sourceTree = "<group>";
		};
		FBDAA0A1DCF6BCB97344D4B4 /* Project */ = {
			isa = PBXGroup;
			children = (
				758507B7CB1CFCF94E8FBFE1 /* Derived */,
				EE88A2D0C035ADF0B37ED60E /* Sources */,
			);
			name = Project;
			sourceTree = "<group>";
		};
/* End PBXGroup section */

/* Begin PBXNativeTarget section */
		44CDCBCD087692E32246D212 /* FeatureIntro */ = {
			isa = PBXNativeTarget;
			buildConfigurationList = E2E0BEF21ABFCCB8720C8889 /* Build configuration list for PBXNativeTarget "FeatureIntro" */;
			buildPhases = (
				A5A6DEF6D97E4A502371A9BC /* Sources */,
				2818B3B447D4C326C1F2C32E /* Resources */,
				20B8646AB9B1979A3ACE114E /* Frameworks */,
				9056EB02229C3541C3B1F461 /* Embed Frameworks */,
			);
			buildRules = (
			);
			dependencies = (
			);
			name = FeatureIntro;
			packageProductDependencies = (
			);
			productName = FeatureIntro;
			productReference = 092FDD26E372DA931C188A40 /* FeatureIntro.framework */;
			productType = "com.apple.product-type.framework";
		};
/* End PBXNativeTarget section */

/* Begin PBXProject section */
		F4B76F3CF3FCA0B016A90F2A /* Project object */ = {
			isa = PBXProject;
			attributes = {
				BuildIndependentTargetsInParallel = YES;
				TargetAttributes = {
				};
			};
			buildConfigurationList = DFD925AC536DE99E40C8F555 /* Build configuration list for PBXProject "FeatureIntro" */;
			compatibilityVersion = "Xcode 14.0";
			developmentRegion = en;
			hasScannedForEncodings = 0;
			knownRegions = (
				Base,
				en,
			);
			mainGroup = 0B07A98E96A2EE4A6ED22F83;
			productRefGroup = 654D7E4E2A50F628BA78462F /* Products */;
			projectDirPath = "";
			projectRoot = "";
			targets = (
				44CDCBCD087692E32246D212 /* FeatureIntro */,
			);
		};
/* End PBXProject section */

/* Begin PBXResourcesBuildPhase section */
		2818B3B447D4C326C1F2C32E /* Resources */ = {
			isa = PBXResourcesBuildPhase;
			buildActionMask = 2147483647;
			files = (
			);
			runOnlyForDeploymentPostprocessing = 0;
		};
/* End PBXResourcesBuildPhase section */

/* Begin PBXSourcesBuildPhase section */
		A5A6DEF6D97E4A502371A9BC /* Sources */ = {
			isa = PBXSourcesBuildPhase;
			buildActionMask = 2147483647;
			files = (
				A2634DEECE5239CE3211C92C /* AuthPageView.swift in Sources */,
				D521AE656004A02FCE5E6B6C /* AuthRequestFeature.swift in Sources */,
				2B9D6CC7693580B36873FAF1 /* AuthRequestPageFeature.swift in Sources */,
				56860C79A285BBEBD49EC6F8 /* AuthRequestView.swift in Sources */,
				6940B9AF7ADD2B3507D32F3A /* AnalysisFeature.swift in Sources */,
				62C96A036A92CA3C337A3112 /* AnalysisView.swift in Sources */,
				AFC5315EF2A7661276217E4D /* AnalyzingConsumptionFeature.swift in Sources */,
				025452803058480ACCE1E41F /* AnalyzingConsumptionView.swift in Sources */,
				71931D2DE7D4282B3B61EB89 /* ComsumptionHabitsView.swift in Sources */,
				B486D55EDF04E7BAA8058125 /* ComsumptionHabitsViewFeature.swift in Sources */,
				F0AF01EF09681D53BE45E435 /* GBLoginView.swift in Sources */,
				DAB98CBB020EC4195150EAF7 /* LoginViewFeature.swift in Sources */,
				3B8CECDD14FE4376CE12CBFA /* ResultHabitFeature.swift in Sources */,
				02F0391F78C6965B50217F7D /* ResultHabitView.swift in Sources */,
				FF9802A9D4110D0B80DFCC08 /* SelectExpenditureDateView.swift in Sources */,
				4069B67C31FAB632F0DA3B5D /* SelectExpenditureDateViewFeature.swift in Sources */,
				E0D6B4A6FB551081DEDA4708 /* ShoppingCheckListView.swift in Sources */,
				BFCE9883588BC700E45B230A /* ShoppingCheckListViewFeature.swift in Sources */,
				F4685A211913E347E6D62E7A /* SplashFeature.swift in Sources */,
				91785FEF43ABB916FA128DD2 /* SplashView.swift in Sources */,
				363A2663FF1277BD8C1D4B3D /* SplashLoginCoordinator.swift in Sources */,
				040E6F3592E71EF441127250 /* SplashLoginCoordinatorView.swift in Sources */,
			);
			runOnlyForDeploymentPostprocessing = 0;
		};
/* End PBXSourcesBuildPhase section */

/* Begin XCBuildConfiguration section */
		AB0A54E0E86D77296A998CBF /* Debug */ = {
			isa = XCBuildConfiguration;
			buildSettings = {
				ALWAYS_SEARCH_USER_PATHS = NO;
				CLANG_ANALYZER_LOCALIZABILITY_NONLOCALIZED = YES;
				CLANG_ANALYZER_NONNULL = YES;
				CLANG_ANALYZER_NUMBER_OBJECT_CONVERSION = YES_AGGRESSIVE;
				CLANG_CXX_LANGUAGE_STANDARD = "gnu++14";
				CLANG_CXX_LIBRARY = "libc++";
				CLANG_ENABLE_MODULES = YES;
				CLANG_ENABLE_OBJC_ARC = YES;
				CLANG_ENABLE_OBJC_WEAK = YES;
				CLANG_WARN_BLOCK_CAPTURE_AUTORELEASING = YES;
				CLANG_WARN_BOOL_CONVERSION = YES;
				CLANG_WARN_COMMA = YES;
				CLANG_WARN_CONSTANT_CONVERSION = YES;
				CLANG_WARN_DEPRECATED_OBJC_IMPLEMENTATIONS = YES;
				CLANG_WARN_DIRECT_OBJC_ISA_USAGE = YES_ERROR;
				CLANG_WARN_DOCUMENTATION_COMMENTS = YES;
				CLANG_WARN_EMPTY_BODY = YES;
				CLANG_WARN_ENUM_CONVERSION = YES;
				CLANG_WARN_INFINITE_RECURSION = YES;
				CLANG_WARN_INT_CONVERSION = YES;
				CLANG_WARN_NON_LITERAL_NULL_CONVERSION = YES;
				CLANG_WARN_OBJC_IMPLICIT_RETAIN_SELF = YES;
				CLANG_WARN_OBJC_LITERAL_CONVERSION = YES;
				CLANG_WARN_OBJC_ROOT_CLASS = YES_ERROR;
				CLANG_WARN_QUOTED_INCLUDE_IN_FRAMEWORK_HEADER = YES;
				CLANG_WARN_RANGE_LOOP_ANALYSIS = YES;
				CLANG_WARN_STRICT_PROTOTYPES = YES;
				CLANG_WARN_SUSPICIOUS_MOVE = YES;
				CLANG_WARN_UNGUARDED_AVAILABILITY = YES_AGGRESSIVE;
				CLANG_WARN_UNREACHABLE_CODE = YES;
				CLANG_WARN__DUPLICATE_METHOD_MATCH = YES;
				COPY_PHASE_STRIP = NO;
				DEAD_CODE_STRIPPING = YES;
				DEBUG_INFORMATION_FORMAT = dwarf;
				ENABLE_STRICT_OBJC_MSGSEND = YES;
				ENABLE_TESTABILITY = YES;
				GCC_C_LANGUAGE_STANDARD = gnu11;
				GCC_DYNAMIC_NO_PIC = NO;
				GCC_NO_COMMON_BLOCKS = YES;
				GCC_OPTIMIZATION_LEVEL = 0;
				GCC_PREPROCESSOR_DEFINITIONS = (
					"DEBUG=1",
					"$(inherited)",
				);
				GCC_WARN_64_TO_32_BIT_CONVERSION = YES;
				GCC_WARN_ABOUT_RETURN_TYPE = YES_ERROR;
				GCC_WARN_UNDECLARED_SELECTOR = YES;
				GCC_WARN_UNINITIALIZED_AUTOS = YES_AGGRESSIVE;
				GCC_WARN_UNUSED_FUNCTION = YES;
				GCC_WARN_UNUSED_VARIABLE = YES;
				MTL_ENABLE_DEBUG_INFO = YES;
				ONLY_ACTIVE_ARCH = YES;
				PRODUCT_NAME = "$(TARGET_NAME)";
			};
			name = Debug;
		};
		BB397DE857F9AEEC1C91CFAF /* Debug */ = {
			isa = XCBuildConfiguration;
			buildSettings = {
				CODE_SIGN_IDENTITY = "";
				CURRENT_PROJECT_VERSION = 1;
				DEFINES_MODULE = YES;
				DYLIB_COMPATIBILITY_VERSION = 1;
				DYLIB_CURRENT_VERSION = 1;
				DYLIB_INSTALL_NAME_BASE = "@rpath";
				HEADER_SEARCH_PATHS = (
					"$(inherited)",
					"$(SRCROOT)/../../../../Tuist/.build/checkouts/swift-navigation/Sources/UIKitNavigationShim/include",
					"$(SRCROOT)/../../../../Tuist/.build/checkouts/swift-syntax/Sources/_SwiftSyntaxCShims/include",
				);
				INFOPLIST_FILE = "Derived/InfoPlists/FeatureIntro-Info.plist";
				INSTALL_PATH = "$(LOCAL_LIBRARY_DIR)/Frameworks";
				IPHONEOS_DEPLOYMENT_TARGET = 16.0;
				LD_RUNPATH_SEARCH_PATHS = (
					"$(inherited)",
					"@executable_path/Frameworks",
					"@loader_path/Frameworks",
				);
				OTHER_CFLAGS = (
					"$(inherited)",
					"-fmodule-map-file=$(SRCROOT)/../../../../Tuist/.build/checkouts/swift-syntax/Sources/_SwiftSyntaxCShims/include/module.modulemap",
					"-fmodule-map-file=$(SRCROOT)/../../../../Tuist/.build/tuist-derived/UIKitNavigationShim/UIKitNavigationShim.modulemap",
				);
				OTHER_SWIFT_FLAGS = (
					"$(inherited)",
					"-Xcc",
					"-fmodule-map-file=$(SRCROOT)/../../../../Tuist/.build/checkouts/swift-syntax/Sources/_SwiftSyntaxCShims/include/module.modulemap",
					"-Xcc",
					"-fmodule-map-file=$(SRCROOT)/../../../../Tuist/.build/tuist-derived/UIKitNavigationShim/UIKitNavigationShim.modulemap",
					"-load-plugin-executable",
					"$BUILD_DIR/Debug$EFFECTIVE_PLATFORM_NAME/CasePathsMacros#CasePathsMacros",
					"-load-plugin-executable",
					"$BUILD_DIR/Debug$EFFECTIVE_PLATFORM_NAME/ComposableArchitectureMacros#ComposableArchitectureMacros",
					"-load-plugin-executable",
					"$BUILD_DIR/Debug$EFFECTIVE_PLATFORM_NAME/DependenciesMacrosPlugin#DependenciesMacrosPlugin",
					"-load-plugin-executable",
					"$BUILD_DIR/Debug$EFFECTIVE_PLATFORM_NAME/PerceptionMacros#PerceptionMacros",
				);
				PRODUCT_BUNDLE_IDENTIFIER = com.frameWork.FeatureIntro;
				PRODUCT_NAME = FeatureIntro;
				SDKROOT = iphoneos;
				SKIP_INSTALL = YES;
				SUPPORTS_MACCATALYST = NO;
				SUPPORTS_MAC_DESIGNED_FOR_IPHONE_IPAD = NO;
				SUPPORTS_XR_DESIGNED_FOR_IPHONE_IPAD = NO;
				SWIFT_ACTIVE_COMPILATION_CONDITIONS = (
					"$(inherited)",
					DEBUG,
				);
				SWIFT_COMPILATION_MODE = singlefile;
				SWIFT_OPTIMIZATION_LEVEL = "-Onone";
				SWIFT_VERSION = 5.0;
				TARGETED_DEVICE_FAMILY = 1;
				VERSIONING_SYSTEM = "apple-generic";
				VERSION_INFO_PREFIX = "";
			};
			name = Debug;
		};
		BF283D8DCC7E3B15D8863311 /* Release */ = {
			isa = XCBuildConfiguration;
			buildSettings = {
				ALWAYS_SEARCH_USER_PATHS = NO;
				CLANG_ANALYZER_LOCALIZABILITY_NONLOCALIZED = YES;
				CLANG_ANALYZER_NONNULL = YES;
				CLANG_ANALYZER_NUMBER_OBJECT_CONVERSION = YES_AGGRESSIVE;
				CLANG_CXX_LANGUAGE_STANDARD = "gnu++14";
				CLANG_CXX_LIBRARY = "libc++";
				CLANG_ENABLE_MODULES = YES;
				CLANG_ENABLE_OBJC_ARC = YES;
				CLANG_ENABLE_OBJC_WEAK = YES;
				CLANG_WARN_BLOCK_CAPTURE_AUTORELEASING = YES;
				CLANG_WARN_BOOL_CONVERSION = YES;
				CLANG_WARN_COMMA = YES;
				CLANG_WARN_CONSTANT_CONVERSION = YES;
				CLANG_WARN_DEPRECATED_OBJC_IMPLEMENTATIONS = YES;
				CLANG_WARN_DIRECT_OBJC_ISA_USAGE = YES_ERROR;
				CLANG_WARN_DOCUMENTATION_COMMENTS = YES;
				CLANG_WARN_EMPTY_BODY = YES;
				CLANG_WARN_ENUM_CONVERSION = YES;
				CLANG_WARN_INFINITE_RECURSION = YES;
				CLANG_WARN_INT_CONVERSION = YES;
				CLANG_WARN_NON_LITERAL_NULL_CONVERSION = YES;
				CLANG_WARN_OBJC_IMPLICIT_RETAIN_SELF = YES;
				CLANG_WARN_OBJC_LITERAL_CONVERSION = YES;
				CLANG_WARN_OBJC_ROOT_CLASS = YES_ERROR;
				CLANG_WARN_QUOTED_INCLUDE_IN_FRAMEWORK_HEADER = YES;
				CLANG_WARN_RANGE_LOOP_ANALYSIS = YES;
				CLANG_WARN_STRICT_PROTOTYPES = YES;
				CLANG_WARN_SUSPICIOUS_MOVE = YES;
				CLANG_WARN_UNGUARDED_AVAILABILITY = YES_AGGRESSIVE;
				CLANG_WARN_UNREACHABLE_CODE = YES;
				CLANG_WARN__DUPLICATE_METHOD_MATCH = YES;
				COPY_PHASE_STRIP = NO;
				DEAD_CODE_STRIPPING = YES;
				DEBUG_INFORMATION_FORMAT = "dwarf-with-dsym";
				ENABLE_NS_ASSERTIONS = NO;
				ENABLE_STRICT_OBJC_MSGSEND = YES;
				GCC_C_LANGUAGE_STANDARD = gnu11;
				GCC_NO_COMMON_BLOCKS = YES;
				GCC_WARN_64_TO_32_BIT_CONVERSION = YES;
				GCC_WARN_ABOUT_RETURN_TYPE = YES_ERROR;
				GCC_WARN_UNDECLARED_SELECTOR = YES;
				GCC_WARN_UNINITIALIZED_AUTOS = YES_AGGRESSIVE;
				GCC_WARN_UNUSED_FUNCTION = YES;
				GCC_WARN_UNUSED_VARIABLE = YES;
				MTL_ENABLE_DEBUG_INFO = NO;
				PRODUCT_NAME = "$(TARGET_NAME)";
				VALIDATE_PRODUCT = YES;
			};
			name = Release;
		};
		F4E524265121FAFC2515BC9E /* Release */ = {
			isa = XCBuildConfiguration;
			buildSettings = {
				CODE_SIGN_IDENTITY = "";
				CURRENT_PROJECT_VERSION = 1;
				DEFINES_MODULE = YES;
				DYLIB_COMPATIBILITY_VERSION = 1;
				DYLIB_CURRENT_VERSION = 1;
				DYLIB_INSTALL_NAME_BASE = "@rpath";
				HEADER_SEARCH_PATHS = (
					"$(inherited)",
					"$(SRCROOT)/../../../../Tuist/.build/checkouts/swift-navigation/Sources/UIKitNavigationShim/include",
					"$(SRCROOT)/../../../../Tuist/.build/checkouts/swift-syntax/Sources/_SwiftSyntaxCShims/include",
				);
				INFOPLIST_FILE = "Derived/InfoPlists/FeatureIntro-Info.plist";
				INSTALL_PATH = "$(LOCAL_LIBRARY_DIR)/Frameworks";
				IPHONEOS_DEPLOYMENT_TARGET = 16.0;
				LD_RUNPATH_SEARCH_PATHS = (
					"$(inherited)",
					"@executable_path/Frameworks",
					"@loader_path/Frameworks",
				);
				OTHER_CFLAGS = (
					"$(inherited)",
					"-fmodule-map-file=$(SRCROOT)/../../../../Tuist/.build/checkouts/swift-syntax/Sources/_SwiftSyntaxCShims/include/module.modulemap",
					"-fmodule-map-file=$(SRCROOT)/../../../../Tuist/.build/tuist-derived/UIKitNavigationShim/UIKitNavigationShim.modulemap",
				);
				OTHER_SWIFT_FLAGS = (
					"$(inherited)",
					"-Xcc",
					"-fmodule-map-file=$(SRCROOT)/../../../../Tuist/.build/checkouts/swift-syntax/Sources/_SwiftSyntaxCShims/include/module.modulemap",
					"-Xcc",
					"-fmodule-map-file=$(SRCROOT)/../../../../Tuist/.build/tuist-derived/UIKitNavigationShim/UIKitNavigationShim.modulemap",
					"-load-plugin-executable",
					"$BUILD_DIR/Debug$EFFECTIVE_PLATFORM_NAME/CasePathsMacros#CasePathsMacros",
					"-load-plugin-executable",
					"$BUILD_DIR/Debug$EFFECTIVE_PLATFORM_NAME/ComposableArchitectureMacros#ComposableArchitectureMacros",
					"-load-plugin-executable",
					"$BUILD_DIR/Debug$EFFECTIVE_PLATFORM_NAME/DependenciesMacrosPlugin#DependenciesMacrosPlugin",
					"-load-plugin-executable",
					"$BUILD_DIR/Debug$EFFECTIVE_PLATFORM_NAME/PerceptionMacros#PerceptionMacros",
				);
				PRODUCT_BUNDLE_IDENTIFIER = com.frameWork.FeatureIntro;
				PRODUCT_NAME = FeatureIntro;
				SDKROOT = iphoneos;
				SKIP_INSTALL = YES;
				SUPPORTS_MACCATALYST = NO;
				SUPPORTS_MAC_DESIGNED_FOR_IPHONE_IPAD = NO;
				SUPPORTS_XR_DESIGNED_FOR_IPHONE_IPAD = NO;
				SWIFT_COMPILATION_MODE = wholemodule;
				SWIFT_OPTIMIZATION_LEVEL = "-Owholemodule";
				SWIFT_VERSION = 5.0;
				TARGETED_DEVICE_FAMILY = 1;
				VERSIONING_SYSTEM = "apple-generic";
				VERSION_INFO_PREFIX = "";
			};
			name = Release;
		};
/* End XCBuildConfiguration section */

/* Begin XCConfigurationList section */
		DFD925AC536DE99E40C8F555 /* Build configuration list for PBXProject "FeatureIntro" */ = {
			isa = XCConfigurationList;
			buildConfigurations = (
				AB0A54E0E86D77296A998CBF /* Debug */,
				BF283D8DCC7E3B15D8863311 /* Release */,
			);
			defaultConfigurationIsVisible = 0;
			defaultConfigurationName = Release;
		};
		E2E0BEF21ABFCCB8720C8889 /* Build configuration list for PBXNativeTarget "FeatureIntro" */ = {
			isa = XCConfigurationList;
			buildConfigurations = (
				BB397DE857F9AEEC1C91CFAF /* Debug */,
				F4E524265121FAFC2515BC9E /* Release */,
			);
			defaultConfigurationIsVisible = 0;
			defaultConfigurationName = Release;
		};
/* End XCConfigurationList section */
	};
	rootObject = F4B76F3CF3FCA0B016A90F2A /* Project object */;
}
