// !$*UTF8*$!
{
	archiveVersion = 1;
	classes = {
	};
	objectVersion = 55;
	objects = {

/* Begin PBXBuildFile section */
		076CE2EB884586D5A73F6E4E /* AnimateNumber.swift in Sources */ = {isa = PBXBuildFile; fileRef = DF05FCEAAF5BDCDFCEECFEED /* AnimateNumber.swift */; };
		0F105E10155CDA0EFFA0EAFB /* ChallengeAddViewFeature.swift in Sources */ = {isa = PBXBuildFile; fileRef = 07BA6E5F69A7C41014B39DC3 /* ChallengeAddViewFeature.swift */; };
		19AF1D7F8F094F0C48713A69 /* GBButton.swift in Sources */ = {isa = PBXBuildFile; fileRef = C0561388ED2894E104726ECA /* GBButton.swift */; };
		1E6F31071E7D5BC112DCA652 /* GBButtonV2.swift in Sources */ = {isa = PBXBuildFile; fileRef = 10150B51CCB57ACBE2A46090 /* GBButtonV2.swift */; };
		20D4DC7BF589B5C886CBD741 /* GBBottomSheetView.swift in Sources */ = {isa = PBXBuildFile; fileRef = 3DAB35513D84D7A78AECEB75 /* GBBottomSheetView.swift */; };
		2ACB89B7FA188F8AB2859156 /* Utils.framework in Frameworks */ = {isa = PBXBuildFile; fileRef = 50AC7F897960F75B866B98A4 /* Utils.framework */; };
		348A7F17A7754D7C9B03183F /* CameraView.swift in Sources */ = {isa = PBXBuildFile; fileRef = 6E59566D033939E971033E3C /* CameraView.swift */; };
		351F10A3C453D6082EDCA9C1 /* GBChallengeBottomSheetView.swift in Sources */ = {isa = PBXBuildFile; fileRef = BEB48184FAE2E6A21C2F2FF6 /* GBChallengeBottomSheetView.swift */; };
		37DF0BC6C9C9FA056C6E97E1 /* ToolTipView.swift in Sources */ = {isa = PBXBuildFile; fileRef = 78FCBFAC32B5509E9ABF19EE /* ToolTipView.swift */; };
		4C13E0D9F8394F75DF629445 /* CommonCheckListButtonView.swift in Sources */ = {isa = PBXBuildFile; fileRef = 62FC37476FC731763D4B1D53 /* CommonCheckListButtonView.swift */; };
		4C8689587B0087E469E499F3 /* Domain.framework in Frameworks */ = {isa = PBXBuildFile; fileRef = ADB36DAAAF7CA1CF922F1FA0 /* Domain.framework */; };
		58133A584BF4FF9D363282E5 /* GBSwitchButton.swift in Sources */ = {isa = PBXBuildFile; fileRef = 27818B8977260AD3925A30A4 /* GBSwitchButton.swift */; };
		583C473224403CA81AB9168C /* CropBoxView.swift in Sources */ = {isa = PBXBuildFile; fileRef = 067382AFAE00ECF85571AF94 /* CropBoxView.swift */; };
		5F029B3C37650C5F13348FB0 /* ShareSheet.swift in Sources */ = {isa = PBXBuildFile; fileRef = 79151AA6EF173F641F266883 /* ShareSheet.swift */; };
		660C850CEFF765DE8CD40DDA /* PlaceholderTextField.swift in Sources */ = {isa = PBXBuildFile; fileRef = 1EE898C62D27AFC6684B9A32 /* PlaceholderTextField.swift */; };
		67243667903EFA2C1007E21C /* CommonChallengeListElementImageView.swift in Sources */ = {isa = PBXBuildFile; fileRef = E1103EA8F1385AE43404F15E /* CommonChallengeListElementImageView.swift */; };
		6965A78F35E057722093EA8C /* PushListViewFeature.swift in Sources */ = {isa = PBXBuildFile; fileRef = AE53A3AC76EA1495390E9F47 /* PushListViewFeature.swift */; };
		71B4CBD8DF3A5E9C3AC64017 /* GBAlertView.swift in Sources */ = {isa = PBXBuildFile; fileRef = 653AE0DEDE374C7824B76FC5 /* GBAlertView.swift */; };
		73DDFC5F0D2CD7650B45C46A /* ChallengeAddView.swift in Sources */ = {isa = PBXBuildFile; fileRef = 1416F3FC9DDCED14E9037662 /* ChallengeAddView.swift */; };
		75BCB40231F088297F68D0B4 /* ChallengeDetailFeature.swift in Sources */ = {isa = PBXBuildFile; fileRef = 4CDFD5AD44CB9B15B2924FAB /* ChallengeDetailFeature.swift */; };
		850723FFFA68F2228B454A63 /* DownImageView.swift in Sources */ = {isa = PBXBuildFile; fileRef = 6BD558F57D8DBB0983CAC876 /* DownImageView.swift */; };
		8E8022CC53BF12E19443F1F1 /* PushListView.swift in Sources */ = {isa = PBXBuildFile; fileRef = CE9AAB97D0FBDCBBB106BD3A /* PushListView.swift */; };
		8FF4CFE0229634CA87DDE90B /* ChallengeDetailView.swift in Sources */ = {isa = PBXBuildFile; fileRef = AEE40268A9BE839484DEF1D0 /* ChallengeDetailView.swift */; };
		91330C06F22628D456C4438B /* ImageCropView.swift in Sources */ = {isa = PBXBuildFile; fileRef = 4CCF386E5D75DD8D96D6D95B /* ImageCropView.swift */; };
		AB54BE27CA619821CA4D50C6 /* PopupView.framework in Frameworks */ = {isa = PBXBuildFile; fileRef = 3876BD816E1029369B2D2285 /* PopupView.framework */; };
		AC30D42C43537FD84082D2FC /* NotiAlertView.swift in Sources */ = {isa = PBXBuildFile; fileRef = BCAACC1305BCDDF7A67B129D /* NotiAlertView.swift */; };
		ADE41D681F069BCA0D60EEC8 /* ArrangeTextView.swift in Sources */ = {isa = PBXBuildFile; fileRef = 8701301417247F8607C87714 /* ArrangeTextView.swift */; };
		C6638F46E1469C16084E31EE /* Data.framework in Frameworks */ = {isa = PBXBuildFile; fileRef = 4400E4F182673F83433052AA /* Data.framework */; };
		CFF6C85CF29CEA3F2D761DF2 /* DisablePasteTextField.swift in Sources */ = {isa = PBXBuildFile; fileRef = D975C60A0E12708176A00D96 /* DisablePasteTextField.swift */; };
		EF9E7A9AF08009DED156420D /* BlurView.swift in Sources */ = {isa = PBXBuildFile; fileRef = 5E4DD41D8AA86BE85676C67D /* BlurView.swift */; };
		F3E2EED89EE09841CB6F45C3 /* Kingfisher.framework in Frameworks */ = {isa = PBXBuildFile; fileRef = 9773A2F578D9D3FA2EC547F4 /* Kingfisher.framework */; };
		F54F24E40BC0FD5E5B09B65A /* GMLoadingView.swift in Sources */ = {isa = PBXBuildFile; fileRef = 371880A2F2535A59E5C3BC44 /* GMLoadingView.swift */; };
/* End PBXBuildFile section */

/* Begin PBXCopyFilesBuildPhase section */
		DBD592EDA98D667E975753D4 /* Embed Frameworks */ = {
			isa = PBXCopyFilesBuildPhase;
			buildActionMask = 2147483647;
			dstPath = "";
			dstSubfolderSpec = 10;
			files = (
			);
			name = "Embed Frameworks";
			runOnlyForDeploymentPostprocessing = 0;
		};
/* End PBXCopyFilesBuildPhase section */

/* Begin PBXFileReference section */
		067382AFAE00ECF85571AF94 /* CropBoxView.swift */ = {isa = PBXFileReference; lastKnownFileType = sourcecode.swift; path = CropBoxView.swift; sourceTree = "<group>"; };
		07BA6E5F69A7C41014B39DC3 /* ChallengeAddViewFeature.swift */ = {isa = PBXFileReference; lastKnownFileType = sourcecode.swift; path = ChallengeAddViewFeature.swift; sourceTree = "<group>"; };
		10150B51CCB57ACBE2A46090 /* GBButtonV2.swift */ = {isa = PBXFileReference; lastKnownFileType = sourcecode.swift; path = GBButtonV2.swift; sourceTree = "<group>"; };
		1416F3FC9DDCED14E9037662 /* ChallengeAddView.swift */ = {isa = PBXFileReference; lastKnownFileType = sourcecode.swift; path = ChallengeAddView.swift; sourceTree = "<group>"; };
		1EE898C62D27AFC6684B9A32 /* PlaceholderTextField.swift */ = {isa = PBXFileReference; lastKnownFileType = sourcecode.swift; path = PlaceholderTextField.swift; sourceTree = "<group>"; };
		27818B8977260AD3925A30A4 /* GBSwitchButton.swift */ = {isa = PBXFileReference; lastKnownFileType = sourcecode.swift; path = GBSwitchButton.swift; sourceTree = "<group>"; };
		3425A885E7CAE57DBF87545F /* FeatureCommon-Info.plist */ = {isa = PBXFileReference; lastKnownFileType = text.plist; path = "FeatureCommon-Info.plist"; sourceTree = "<group>"; };
		371880A2F2535A59E5C3BC44 /* GMLoadingView.swift */ = {isa = PBXFileReference; lastKnownFileType = sourcecode.swift; path = GMLoadingView.swift; sourceTree = "<group>"; };
		3876BD816E1029369B2D2285 /* PopupView.framework */ = {isa = PBXFileReference; explicitFileType = wrapper.framework; includeInIndex = 0; path = PopupView.framework; sourceTree = BUILT_PRODUCTS_DIR; };
		3DAB35513D84D7A78AECEB75 /* GBBottomSheetView.swift */ = {isa = PBXFileReference; lastKnownFileType = sourcecode.swift; path = GBBottomSheetView.swift; sourceTree = "<group>"; };
		4400E4F182673F83433052AA /* Data.framework */ = {isa = PBXFileReference; explicitFileType = wrapper.framework; includeInIndex = 0; path = Data.framework; sourceTree = BUILT_PRODUCTS_DIR; };
		4CCF386E5D75DD8D96D6D95B /* ImageCropView.swift */ = {isa = PBXFileReference; lastKnownFileType = sourcecode.swift; path = ImageCropView.swift; sourceTree = "<group>"; };
		4CDFD5AD44CB9B15B2924FAB /* ChallengeDetailFeature.swift */ = {isa = PBXFileReference; lastKnownFileType = sourcecode.swift; path = ChallengeDetailFeature.swift; sourceTree = "<group>"; };
		50AC7F897960F75B866B98A4 /* Utils.framework */ = {isa = PBXFileReference; explicitFileType = wrapper.framework; includeInIndex = 0; path = Utils.framework; sourceTree = BUILT_PRODUCTS_DIR; };
		5E4DD41D8AA86BE85676C67D /* BlurView.swift */ = {isa = PBXFileReference; lastKnownFileType = sourcecode.swift; path = BlurView.swift; sourceTree = "<group>"; };
		62FC37476FC731763D4B1D53 /* CommonCheckListButtonView.swift */ = {isa = PBXFileReference; lastKnownFileType = sourcecode.swift; path = CommonCheckListButtonView.swift; sourceTree = "<group>"; };
		653AE0DEDE374C7824B76FC5 /* GBAlertView.swift */ = {isa = PBXFileReference; lastKnownFileType = sourcecode.swift; path = GBAlertView.swift; sourceTree = "<group>"; };
		6BD558F57D8DBB0983CAC876 /* DownImageView.swift */ = {isa = PBXFileReference; lastKnownFileType = sourcecode.swift; path = DownImageView.swift; sourceTree = "<group>"; };
		6E59566D033939E971033E3C /* CameraView.swift */ = {isa = PBXFileReference; lastKnownFileType = sourcecode.swift; path = CameraView.swift; sourceTree = "<group>"; };
		78FCBFAC32B5509E9ABF19EE /* ToolTipView.swift */ = {isa = PBXFileReference; lastKnownFileType = sourcecode.swift; path = ToolTipView.swift; sourceTree = "<group>"; };
		79151AA6EF173F641F266883 /* ShareSheet.swift */ = {isa = PBXFileReference; lastKnownFileType = sourcecode.swift; path = ShareSheet.swift; sourceTree = "<group>"; };
		8701301417247F8607C87714 /* ArrangeTextView.swift */ = {isa = PBXFileReference; lastKnownFileType = sourcecode.swift; path = ArrangeTextView.swift; sourceTree = "<group>"; };
		9773A2F578D9D3FA2EC547F4 /* Kingfisher.framework */ = {isa = PBXFileReference; explicitFileType = wrapper.framework; includeInIndex = 0; path = Kingfisher.framework; sourceTree = BUILT_PRODUCTS_DIR; };
		ADB36DAAAF7CA1CF922F1FA0 /* Domain.framework */ = {isa = PBXFileReference; explicitFileType = wrapper.framework; includeInIndex = 0; path = Domain.framework; sourceTree = BUILT_PRODUCTS_DIR; };
		AE53A3AC76EA1495390E9F47 /* PushListViewFeature.swift */ = {isa = PBXFileReference; lastKnownFileType = sourcecode.swift; path = PushListViewFeature.swift; sourceTree = "<group>"; };
		AEE40268A9BE839484DEF1D0 /* ChallengeDetailView.swift */ = {isa = PBXFileReference; lastKnownFileType = sourcecode.swift; path = ChallengeDetailView.swift; sourceTree = "<group>"; };
		BCAACC1305BCDDF7A67B129D /* NotiAlertView.swift */ = {isa = PBXFileReference; lastKnownFileType = sourcecode.swift; path = NotiAlertView.swift; sourceTree = "<group>"; };
		BEB48184FAE2E6A21C2F2FF6 /* GBChallengeBottomSheetView.swift */ = {isa = PBXFileReference; lastKnownFileType = sourcecode.swift; path = GBChallengeBottomSheetView.swift; sourceTree = "<group>"; };
		BF80F8CC6AD3B3F1EE39CC6A /* FeatureCommon.framework */ = {isa = PBXFileReference; explicitFileType = wrapper.framework; includeInIndex = 0; path = FeatureCommon.framework; sourceTree = BUILT_PRODUCTS_DIR; };
		C0561388ED2894E104726ECA /* GBButton.swift */ = {isa = PBXFileReference; lastKnownFileType = sourcecode.swift; path = GBButton.swift; sourceTree = "<group>"; };
		CE9AAB97D0FBDCBBB106BD3A /* PushListView.swift */ = {isa = PBXFileReference; lastKnownFileType = sourcecode.swift; path = PushListView.swift; sourceTree = "<group>"; };
		D975C60A0E12708176A00D96 /* DisablePasteTextField.swift */ = {isa = PBXFileReference; lastKnownFileType = sourcecode.swift; path = DisablePasteTextField.swift; sourceTree = "<group>"; };
		DF05FCEAAF5BDCDFCEECFEED /* AnimateNumber.swift */ = {isa = PBXFileReference; lastKnownFileType = sourcecode.swift; path = AnimateNumber.swift; sourceTree = "<group>"; };
		E1103EA8F1385AE43404F15E /* CommonChallengeListElementImageView.swift */ = {isa = PBXFileReference; lastKnownFileType = sourcecode.swift; path = CommonChallengeListElementImageView.swift; sourceTree = "<group>"; };
/* End PBXFileReference section */

/* Begin PBXFrameworksBuildPhase section */
		93E3D8F7ED021406891A71DC /* Frameworks */ = {
			isa = PBXFrameworksBuildPhase;
			buildActionMask = 2147483647;
			files = (
				C6638F46E1469C16084E31EE /* Data.framework in Frameworks */,
				4C8689587B0087E469E499F3 /* Domain.framework in Frameworks */,
				F3E2EED89EE09841CB6F45C3 /* Kingfisher.framework in Frameworks */,
				AB54BE27CA619821CA4D50C6 /* PopupView.framework in Frameworks */,
				2ACB89B7FA188F8AB2859156 /* Utils.framework in Frameworks */,
			);
			runOnlyForDeploymentPostprocessing = 0;
		};
/* End PBXFrameworksBuildPhase section */

/* Begin PBXGroup section */
		0CCFD1314BD0FEB6E4E07CC5 /* PushList */ = {
			isa = PBXGroup;
			children = (
				CE9AAB97D0FBDCBBB106BD3A /* PushListView.swift */,
				AE53A3AC76EA1495390E9F47 /* PushListViewFeature.swift */,
			);
			path = PushList;
			sourceTree = "<group>";
		};
		4655F9B5A554D0ACE0E6036F /* InfoPlists */ = {
			isa = PBXGroup;
			children = (
				3425A885E7CAE57DBF87545F /* FeatureCommon-Info.plist */,
			);
			path = InfoPlists;
			sourceTree = "<group>";
		};
		509C324FBB2D65EE8D2EDE41 /* Project */ = {
			isa = PBXGroup;
			children = (
				9883F95D4CF92B125405188C /* Derived */,
				D1EF496B16315ED5B6F7D037 /* Sources */,
			);
			name = Project;
			sourceTree = "<group>";
		};
		5206A3C71220D4136696CA8B /* AlertViews */ = {
			isa = PBXGroup;
			children = (
				653AE0DEDE374C7824B76FC5 /* GBAlertView.swift */,
				BCAACC1305BCDDF7A67B129D /* NotiAlertView.swift */,
			);
			path = AlertViews;
			sourceTree = "<group>";
		};
		524DF4175E29C7B954F0F201 /* Products */ = {
			isa = PBXGroup;
			children = (
				4400E4F182673F83433052AA /* Data.framework */,
				ADB36DAAAF7CA1CF922F1FA0 /* Domain.framework */,
				BF80F8CC6AD3B3F1EE39CC6A /* FeatureCommon.framework */,
				9773A2F578D9D3FA2EC547F4 /* Kingfisher.framework */,
				3876BD816E1029369B2D2285 /* PopupView.framework */,
				50AC7F897960F75B866B98A4 /* Utils.framework */,
			);
			name = Products;
			sourceTree = "<group>";
		};
		689BBE28B27570DBA5EB1E1F /* Challenge */ = {
			isa = PBXGroup;
			children = (
				A574E70516B3D371FF8F365C /* AddView */,
				9DE2FEC4806572AE70E17F67 /* Detail */,
			);
			path = Challenge;
			sourceTree = "<group>";
		};
		703609391D7B1BF8BCB98FC9 /* TextField */ = {
			isa = PBXGroup;
			children = (
				D975C60A0E12708176A00D96 /* DisablePasteTextField.swift */,
				1EE898C62D27AFC6684B9A32 /* PlaceholderTextField.swift */,
			);
			path = TextField;
			sourceTree = "<group>";
		};
		96DA669637C8D91E8102EA47 /* Images */ = {
			isa = PBXGroup;
			children = (
				CAAFA7F653BF68665936AFB7 /* CropView */,
				6E59566D033939E971033E3C /* CameraView.swift */,
				E1103EA8F1385AE43404F15E /* CommonChallengeListElementImageView.swift */,
				6BD558F57D8DBB0983CAC876 /* DownImageView.swift */,
			);
			path = Images;
			sourceTree = "<group>";
		};
		9883F95D4CF92B125405188C /* Derived */ = {
			isa = PBXGroup;
			children = (
				4655F9B5A554D0ACE0E6036F /* InfoPlists */,
			);
			path = Derived;
			sourceTree = "<group>";
		};
		9DE2FEC4806572AE70E17F67 /* Detail */ = {
			isa = PBXGroup;
			children = (
				4CDFD5AD44CB9B15B2924FAB /* ChallengeDetailFeature.swift */,
				AEE40268A9BE839484DEF1D0 /* ChallengeDetailView.swift */,
			);
			path = Detail;
			sourceTree = "<group>";
		};
		A574E70516B3D371FF8F365C /* AddView */ = {
			isa = PBXGroup;
			children = (
				1416F3FC9DDCED14E9037662 /* ChallengeAddView.swift */,
				07BA6E5F69A7C41014B39DC3 /* ChallengeAddViewFeature.swift */,
			);
			path = AddView;
			sourceTree = "<group>";
		};
		A701FD3604FF9CB6D46F7463 /* Sheet */ = {
			isa = PBXGroup;
			children = (
				3DAB35513D84D7A78AECEB75 /* GBBottomSheetView.swift */,
				BEB48184FAE2E6A21C2F2FF6 /* GBChallengeBottomSheetView.swift */,
				79151AA6EF173F641F266883 /* ShareSheet.swift */,
			);
			path = Sheet;
			sourceTree = "<group>";
		};
		AD089E17166C35D53FA2F773 = {
			isa = PBXGroup;
			children = (
				509C324FBB2D65EE8D2EDE41 /* Project */,
				524DF4175E29C7B954F0F201 /* Products */,
			);
			sourceTree = "<group>";
		};
		CAAFA7F653BF68665936AFB7 /* CropView */ = {
			isa = PBXGroup;
			children = (
				067382AFAE00ECF85571AF94 /* CropBoxView.swift */,
				4CCF386E5D75DD8D96D6D95B /* ImageCropView.swift */,
			);
			path = CropView;
			sourceTree = "<group>";
		};
		D1EF496B16315ED5B6F7D037 /* Sources */ = {
			isa = PBXGroup;
			children = (
				5206A3C71220D4136696CA8B /* AlertViews */,
				F76C6A75F4BB9356DD38130A /* Buttons */,
				689BBE28B27570DBA5EB1E1F /* Challenge */,
				96DA669637C8D91E8102EA47 /* Images */,
				0CCFD1314BD0FEB6E4E07CC5 /* PushList */,
				A701FD3604FF9CB6D46F7463 /* Sheet */,
				703609391D7B1BF8BCB98FC9 /* TextField */,
				DF05FCEAAF5BDCDFCEECFEED /* AnimateNumber.swift */,
				8701301417247F8607C87714 /* ArrangeTextView.swift */,
				5E4DD41D8AA86BE85676C67D /* BlurView.swift */,
				62FC37476FC731763D4B1D53 /* CommonCheckListButtonView.swift */,
				371880A2F2535A59E5C3BC44 /* GMLoadingView.swift */,
				78FCBFAC32B5509E9ABF19EE /* ToolTipView.swift */,
			);
			path = Sources;
			sourceTree = "<group>";
		};
		F76C6A75F4BB9356DD38130A /* Buttons */ = {
			isa = PBXGroup;
			children = (
				C0561388ED2894E104726ECA /* GBButton.swift */,
				10150B51CCB57ACBE2A46090 /* GBButtonV2.swift */,
				27818B8977260AD3925A30A4 /* GBSwitchButton.swift */,
			);
			path = Buttons;
			sourceTree = "<group>";
		};
/* End PBXGroup section */

/* Begin PBXNativeTarget section */
		271EC0514899115C97BFA800 /* FeatureCommon */ = {
			isa = PBXNativeTarget;
			buildConfigurationList = D3D7BBD8B816B7E2B37FF9F6 /* Build configuration list for PBXNativeTarget "FeatureCommon" */;
			buildPhases = (
				8052A07C72FF0D09228FFA19 /* Sources */,
				550124A10A53FD06B9D6F2C7 /* Resources */,
				93E3D8F7ED021406891A71DC /* Frameworks */,
				DBD592EDA98D667E975753D4 /* Embed Frameworks */,
			);
			buildRules = (
			);
			dependencies = (
			);
			name = FeatureCommon;
			packageProductDependencies = (
			);
			productName = FeatureCommon;
			productReference = BF80F8CC6AD3B3F1EE39CC6A /* FeatureCommon.framework */;
			productType = "com.apple.product-type.framework";
		};
/* End PBXNativeTarget section */

/* Begin PBXProject section */
		E8A8187C822EA00E3BE88A51 /* Project object */ = {
			isa = PBXProject;
			attributes = {
				BuildIndependentTargetsInParallel = YES;
				TargetAttributes = {
				};
			};
			buildConfigurationList = D2F483C9F1793D3E0D773132 /* Build configuration list for PBXProject "FeatureCommon" */;
			compatibilityVersion = "Xcode 14.0";
			developmentRegion = en;
			hasScannedForEncodings = 0;
			knownRegions = (
				Base,
				en,
			);
			mainGroup = AD089E17166C35D53FA2F773;
			productRefGroup = 524DF4175E29C7B954F0F201 /* Products */;
			projectDirPath = "";
			projectRoot = "";
			targets = (
				271EC0514899115C97BFA800 /* FeatureCommon */,
			);
		};
/* End PBXProject section */

/* Begin PBXResourcesBuildPhase section */
		550124A10A53FD06B9D6F2C7 /* Resources */ = {
			isa = PBXResourcesBuildPhase;
			buildActionMask = 2147483647;
			files = (
			);
			runOnlyForDeploymentPostprocessing = 0;
		};
/* End PBXResourcesBuildPhase section */

/* Begin PBXSourcesBuildPhase section */
		8052A07C72FF0D09228FFA19 /* Sources */ = {
			isa = PBXSourcesBuildPhase;
			buildActionMask = 2147483647;
			files = (
				71B4CBD8DF3A5E9C3AC64017 /* GBAlertView.swift in Sources */,
				AC30D42C43537FD84082D2FC /* NotiAlertView.swift in Sources */,
				076CE2EB884586D5A73F6E4E /* AnimateNumber.swift in Sources */,
				ADE41D681F069BCA0D60EEC8 /* ArrangeTextView.swift in Sources */,
				EF9E7A9AF08009DED156420D /* BlurView.swift in Sources */,
				19AF1D7F8F094F0C48713A69 /* GBButton.swift in Sources */,
				1E6F31071E7D5BC112DCA652 /* GBButtonV2.swift in Sources */,
				58133A584BF4FF9D363282E5 /* GBSwitchButton.swift in Sources */,
				73DDFC5F0D2CD7650B45C46A /* ChallengeAddView.swift in Sources */,
				0F105E10155CDA0EFFA0EAFB /* ChallengeAddViewFeature.swift in Sources */,
				75BCB40231F088297F68D0B4 /* ChallengeDetailFeature.swift in Sources */,
				8FF4CFE0229634CA87DDE90B /* ChallengeDetailView.swift in Sources */,
				4C13E0D9F8394F75DF629445 /* CommonCheckListButtonView.swift in Sources */,
				F54F24E40BC0FD5E5B09B65A /* GMLoadingView.swift in Sources */,
				348A7F17A7754D7C9B03183F /* CameraView.swift in Sources */,
				67243667903EFA2C1007E21C /* CommonChallengeListElementImageView.swift in Sources */,
				583C473224403CA81AB9168C /* CropBoxView.swift in Sources */,
				91330C06F22628D456C4438B /* ImageCropView.swift in Sources */,
				850723FFFA68F2228B454A63 /* DownImageView.swift in Sources */,
				8E8022CC53BF12E19443F1F1 /* PushListView.swift in Sources */,
				6965A78F35E057722093EA8C /* PushListViewFeature.swift in Sources */,
				20D4DC7BF589B5C886CBD741 /* GBBottomSheetView.swift in Sources */,
				351F10A3C453D6082EDCA9C1 /* GBChallengeBottomSheetView.swift in Sources */,
				5F029B3C37650C5F13348FB0 /* ShareSheet.swift in Sources */,
				CFF6C85CF29CEA3F2D761DF2 /* DisablePasteTextField.swift in Sources */,
				660C850CEFF765DE8CD40DDA /* PlaceholderTextField.swift in Sources */,
				37DF0BC6C9C9FA056C6E97E1 /* ToolTipView.swift in Sources */,
			);
			runOnlyForDeploymentPostprocessing = 0;
		};
/* End PBXSourcesBuildPhase section */

/* Begin XCBuildConfiguration section */
		363E9CCDD18E7499CCCECCA3 /* Debug */ = {
			isa = XCBuildConfiguration;
			buildSettings = {
				CODE_SIGN_IDENTITY = "";
				CURRENT_PROJECT_VERSION = 1;
				DEFINES_MODULE = YES;
				DYLIB_COMPATIBILITY_VERSION = 1;
				DYLIB_CURRENT_VERSION = 1;
				DYLIB_INSTALL_NAME_BASE = "@rpath";
				HEADER_SEARCH_PATHS = (
					"$(inherited)",
					"$(SRCROOT)/../../../../Tuist/.build/checkouts/swift-navigation/Sources/UIKitNavigationShim/include",
					"$(SRCROOT)/../../../../Tuist/.build/checkouts/swift-syntax/Sources/_SwiftSyntaxCShims/include",
				);
				INFOPLIST_FILE = "Derived/InfoPlists/FeatureCommon-Info.plist";
				INSTALL_PATH = "$(LOCAL_LIBRARY_DIR)/Frameworks";
				IPHONEOS_DEPLOYMENT_TARGET = 16.0;
				LD_RUNPATH_SEARCH_PATHS = (
					"$(inherited)",
					"@executable_path/Frameworks",
					"@loader_path/Frameworks",
				);
				OTHER_CFLAGS = (
					"$(inherited)",
					"-fmodule-map-file=$(SRCROOT)/../../../../Tuist/.build/checkouts/swift-syntax/Sources/_SwiftSyntaxCShims/include/module.modulemap",
					"-fmodule-map-file=$(SRCROOT)/../../../../Tuist/.build/tuist-derived/UIKitNavigationShim/UIKitNavigationShim.modulemap",
				);
				OTHER_SWIFT_FLAGS = (
					"$(inherited)",
					"-Xcc",
					"-fmodule-map-file=$(SRCROOT)/../../../../Tuist/.build/checkouts/swift-syntax/Sources/_SwiftSyntaxCShims/include/module.modulemap",
					"-Xcc",
					"-fmodule-map-file=$(SRCROOT)/../../../../Tuist/.build/tuist-derived/UIKitNavigationShim/UIKitNavigationShim.modulemap",
					"-load-plugin-executable",
					"$BUILD_DIR/Debug$EFFECTIVE_PLATFORM_NAME/CasePathsMacros#CasePathsMacros",
					"-load-plugin-executable",
					"$BUILD_DIR/Debug$EFFECTIVE_PLATFORM_NAME/ComposableArchitectureMacros#ComposableArchitectureMacros",
					"-load-plugin-executable",
					"$BUILD_DIR/Debug$EFFECTIVE_PLATFORM_NAME/DependenciesMacrosPlugin#DependenciesMacrosPlugin",
					"-load-plugin-executable",
					"$BUILD_DIR/Debug$EFFECTIVE_PLATFORM_NAME/PerceptionMacros#PerceptionMacros",
				);
				PRODUCT_BUNDLE_IDENTIFIER = com.frameWork.FeatureCommon;
				PRODUCT_NAME = FeatureCommon;
				SDKROOT = iphoneos;
				SKIP_INSTALL = YES;
				SUPPORTS_MACCATALYST = NO;
				SUPPORTS_MAC_DESIGNED_FOR_IPHONE_IPAD = NO;
				SUPPORTS_XR_DESIGNED_FOR_IPHONE_IPAD = NO;
				SWIFT_ACTIVE_COMPILATION_CONDITIONS = (
					"$(inherited)",
					DEBUG,
				);
				SWIFT_COMPILATION_MODE = singlefile;
				SWIFT_OPTIMIZATION_LEVEL = "-Onone";
				SWIFT_VERSION = 5.0;
				TARGETED_DEVICE_FAMILY = 1;
				VERSIONING_SYSTEM = "apple-generic";
				VERSION_INFO_PREFIX = "";
			};
			name = Debug;
		};
		52A241BAF2C89191A6F7CA01 /* Release */ = {
			isa = XCBuildConfiguration;
			buildSettings = {
				ALWAYS_SEARCH_USER_PATHS = NO;
				CLANG_ANALYZER_LOCALIZABILITY_NONLOCALIZED = YES;
				CLANG_ANALYZER_NONNULL = YES;
				CLANG_ANALYZER_NUMBER_OBJECT_CONVERSION = YES_AGGRESSIVE;
				CLANG_CXX_LANGUAGE_STANDARD = "gnu++14";
				CLANG_CXX_LIBRARY = "libc++";
				CLANG_ENABLE_MODULES = YES;
				CLANG_ENABLE_OBJC_ARC = YES;
				CLANG_ENABLE_OBJC_WEAK = YES;
				CLANG_WARN_BLOCK_CAPTURE_AUTORELEASING = YES;
				CLANG_WARN_BOOL_CONVERSION = YES;
				CLANG_WARN_COMMA = YES;
				CLANG_WARN_CONSTANT_CONVERSION = YES;
				CLANG_WARN_DEPRECATED_OBJC_IMPLEMENTATIONS = YES;
				CLANG_WARN_DIRECT_OBJC_ISA_USAGE = YES_ERROR;
				CLANG_WARN_DOCUMENTATION_COMMENTS = YES;
				CLANG_WARN_EMPTY_BODY = YES;
				CLANG_WARN_ENUM_CONVERSION = YES;
				CLANG_WARN_INFINITE_RECURSION = YES;
				CLANG_WARN_INT_CONVERSION = YES;
				CLANG_WARN_NON_LITERAL_NULL_CONVERSION = YES;
				CLANG_WARN_OBJC_IMPLICIT_RETAIN_SELF = YES;
				CLANG_WARN_OBJC_LITERAL_CONVERSION = YES;
				CLANG_WARN_OBJC_ROOT_CLASS = YES_ERROR;
				CLANG_WARN_QUOTED_INCLUDE_IN_FRAMEWORK_HEADER = YES;
				CLANG_WARN_RANGE_LOOP_ANALYSIS = YES;
				CLANG_WARN_STRICT_PROTOTYPES = YES;
				CLANG_WARN_SUSPICIOUS_MOVE = YES;
				CLANG_WARN_UNGUARDED_AVAILABILITY = YES_AGGRESSIVE;
				CLANG_WARN_UNREACHABLE_CODE = YES;
				CLANG_WARN__DUPLICATE_METHOD_MATCH = YES;
				COPY_PHASE_STRIP = NO;
				DEAD_CODE_STRIPPING = YES;
				DEBUG_INFORMATION_FORMAT = "dwarf-with-dsym";
				ENABLE_NS_ASSERTIONS = NO;
				ENABLE_STRICT_OBJC_MSGSEND = YES;
				GCC_C_LANGUAGE_STANDARD = gnu11;
				GCC_NO_COMMON_BLOCKS = YES;
				GCC_WARN_64_TO_32_BIT_CONVERSION = YES;
				GCC_WARN_ABOUT_RETURN_TYPE = YES_ERROR;
				GCC_WARN_UNDECLARED_SELECTOR = YES;
				GCC_WARN_UNINITIALIZED_AUTOS = YES_AGGRESSIVE;
				GCC_WARN_UNUSED_FUNCTION = YES;
				GCC_WARN_UNUSED_VARIABLE = YES;
				MTL_ENABLE_DEBUG_INFO = NO;
				PRODUCT_NAME = "$(TARGET_NAME)";
				VALIDATE_PRODUCT = YES;
			};
			name = Release;
		};
		99A1D140D4924E766C0D0DC1 /* Release */ = {
			isa = XCBuildConfiguration;
			buildSettings = {
				CODE_SIGN_IDENTITY = "";
				CURRENT_PROJECT_VERSION = 1;
				DEFINES_MODULE = YES;
				DYLIB_COMPATIBILITY_VERSION = 1;
				DYLIB_CURRENT_VERSION = 1;
				DYLIB_INSTALL_NAME_BASE = "@rpath";
				HEADER_SEARCH_PATHS = (
					"$(inherited)",
					"$(SRCROOT)/../../../../Tuist/.build/checkouts/swift-navigation/Sources/UIKitNavigationShim/include",
					"$(SRCROOT)/../../../../Tuist/.build/checkouts/swift-syntax/Sources/_SwiftSyntaxCShims/include",
				);
				INFOPLIST_FILE = "Derived/InfoPlists/FeatureCommon-Info.plist";
				INSTALL_PATH = "$(LOCAL_LIBRARY_DIR)/Frameworks";
				IPHONEOS_DEPLOYMENT_TARGET = 16.0;
				LD_RUNPATH_SEARCH_PATHS = (
					"$(inherited)",
					"@executable_path/Frameworks",
					"@loader_path/Frameworks",
				);
				OTHER_CFLAGS = (
					"$(inherited)",
					"-fmodule-map-file=$(SRCROOT)/../../../../Tuist/.build/checkouts/swift-syntax/Sources/_SwiftSyntaxCShims/include/module.modulemap",
					"-fmodule-map-file=$(SRCROOT)/../../../../Tuist/.build/tuist-derived/UIKitNavigationShim/UIKitNavigationShim.modulemap",
				);
				OTHER_SWIFT_FLAGS = (
					"$(inherited)",
					"-Xcc",
					"-fmodule-map-file=$(SRCROOT)/../../../../Tuist/.build/checkouts/swift-syntax/Sources/_SwiftSyntaxCShims/include/module.modulemap",
					"-Xcc",
					"-fmodule-map-file=$(SRCROOT)/../../../../Tuist/.build/tuist-derived/UIKitNavigationShim/UIKitNavigationShim.modulemap",
					"-load-plugin-executable",
					"$BUILD_DIR/Debug$EFFECTIVE_PLATFORM_NAME/CasePathsMacros#CasePathsMacros",
					"-load-plugin-executable",
					"$BUILD_DIR/Debug$EFFECTIVE_PLATFORM_NAME/ComposableArchitectureMacros#ComposableArchitectureMacros",
					"-load-plugin-executable",
					"$BUILD_DIR/Debug$EFFECTIVE_PLATFORM_NAME/DependenciesMacrosPlugin#DependenciesMacrosPlugin",
					"-load-plugin-executable",
					"$BUILD_DIR/Debug$EFFECTIVE_PLATFORM_NAME/PerceptionMacros#PerceptionMacros",
				);
				PRODUCT_BUNDLE_IDENTIFIER = com.frameWork.FeatureCommon;
				PRODUCT_NAME = FeatureCommon;
				SDKROOT = iphoneos;
				SKIP_INSTALL = YES;
				SUPPORTS_MACCATALYST = NO;
				SUPPORTS_MAC_DESIGNED_FOR_IPHONE_IPAD = NO;
				SUPPORTS_XR_DESIGNED_FOR_IPHONE_IPAD = NO;
				SWIFT_COMPILATION_MODE = wholemodule;
				SWIFT_OPTIMIZATION_LEVEL = "-Owholemodule";
				SWIFT_VERSION = 5.0;
				TARGETED_DEVICE_FAMILY = 1;
				VERSIONING_SYSTEM = "apple-generic";
				VERSION_INFO_PREFIX = "";
			};
			name = Release;
		};
		B865643EFA4666F4DD9D45D5 /* Debug */ = {
			isa = XCBuildConfiguration;
			buildSettings = {
				ALWAYS_SEARCH_USER_PATHS = NO;
				CLANG_ANALYZER_LOCALIZABILITY_NONLOCALIZED = YES;
				CLANG_ANALYZER_NONNULL = YES;
				CLANG_ANALYZER_NUMBER_OBJECT_CONVERSION = YES_AGGRESSIVE;
				CLANG_CXX_LANGUAGE_STANDARD = "gnu++14";
				CLANG_CXX_LIBRARY = "libc++";
				CLANG_ENABLE_MODULES = YES;
				CLANG_ENABLE_OBJC_ARC = YES;
				CLANG_ENABLE_OBJC_WEAK = YES;
				CLANG_WARN_BLOCK_CAPTURE_AUTORELEASING = YES;
				CLANG_WARN_BOOL_CONVERSION = YES;
				CLANG_WARN_COMMA = YES;
				CLANG_WARN_CONSTANT_CONVERSION = YES;
				CLANG_WARN_DEPRECATED_OBJC_IMPLEMENTATIONS = YES;
				CLANG_WARN_DIRECT_OBJC_ISA_USAGE = YES_ERROR;
				CLANG_WARN_DOCUMENTATION_COMMENTS = YES;
				CLANG_WARN_EMPTY_BODY = YES;
				CLANG_WARN_ENUM_CONVERSION = YES;
				CLANG_WARN_INFINITE_RECURSION = YES;
				CLANG_WARN_INT_CONVERSION = YES;
				CLANG_WARN_NON_LITERAL_NULL_CONVERSION = YES;
				CLANG_WARN_OBJC_IMPLICIT_RETAIN_SELF = YES;
				CLANG_WARN_OBJC_LITERAL_CONVERSION = YES;
				CLANG_WARN_OBJC_ROOT_CLASS = YES_ERROR;
				CLANG_WARN_QUOTED_INCLUDE_IN_FRAMEWORK_HEADER = YES;
				CLANG_WARN_RANGE_LOOP_ANALYSIS = YES;
				CLANG_WARN_STRICT_PROTOTYPES = YES;
				CLANG_WARN_SUSPICIOUS_MOVE = YES;
				CLANG_WARN_UNGUARDED_AVAILABILITY = YES_AGGRESSIVE;
				CLANG_WARN_UNREACHABLE_CODE = YES;
				CLANG_WARN__DUPLICATE_METHOD_MATCH = YES;
				COPY_PHASE_STRIP = NO;
				DEAD_CODE_STRIPPING = YES;
				DEBUG_INFORMATION_FORMAT = dwarf;
				ENABLE_STRICT_OBJC_MSGSEND = YES;
				ENABLE_TESTABILITY = YES;
				GCC_C_LANGUAGE_STANDARD = gnu11;
				GCC_DYNAMIC_NO_PIC = NO;
				GCC_NO_COMMON_BLOCKS = YES;
				GCC_OPTIMIZATION_LEVEL = 0;
				GCC_PREPROCESSOR_DEFINITIONS = (
					"DEBUG=1",
					"$(inherited)",
				);
				GCC_WARN_64_TO_32_BIT_CONVERSION = YES;
				GCC_WARN_ABOUT_RETURN_TYPE = YES_ERROR;
				GCC_WARN_UNDECLARED_SELECTOR = YES;
				GCC_WARN_UNINITIALIZED_AUTOS = YES_AGGRESSIVE;
				GCC_WARN_UNUSED_FUNCTION = YES;
				GCC_WARN_UNUSED_VARIABLE = YES;
				MTL_ENABLE_DEBUG_INFO = YES;
				ONLY_ACTIVE_ARCH = YES;
				PRODUCT_NAME = "$(TARGET_NAME)";
			};
			name = Debug;
		};
/* End XCBuildConfiguration section */

/* Begin XCConfigurationList section */
		D2F483C9F1793D3E0D773132 /* Build configuration list for PBXProject "FeatureCommon" */ = {
			isa = XCConfigurationList;
			buildConfigurations = (
				B865643EFA4666F4DD9D45D5 /* Debug */,
				52A241BAF2C89191A6F7CA01 /* Release */,
			);
			defaultConfigurationIsVisible = 0;
			defaultConfigurationName = Release;
		};
		D3D7BBD8B816B7E2B37FF9F6 /* Build configuration list for PBXNativeTarget "FeatureCommon" */ = {
			isa = XCConfigurationList;
			buildConfigurations = (
				363E9CCDD18E7499CCCECCA3 /* Debug */,
				99A1D140D4924E766C0D0DC1 /* Release */,
			);
			defaultConfigurationIsVisible = 0;
			defaultConfigurationName = Release;
		};
/* End XCConfigurationList section */
	};
	rootObject = E8A8187C822EA00E3BE88A51 /* Project object */;
}
