// !$*UTF8*$!
{
	archiveVersion = 1;
	classes = {
	};
	objectVersion = 55;
	objects = {

/* Begin PBXBuildFile section */
		2F0739AB69C9FFD52D3BFEC3 /* FeatureBuyOrNot.framework in Frameworks */ = {isa = PBXBuildFile; fileRef = 86F3FA6DE076432F7F0DB1D7 /* FeatureBuyOrNot.framework */; };
		388D7DBBF5D626E731F49762 /* ComposableArchitecture.framework in Frameworks */ = {isa = PBXBuildFile; fileRef = 311C109152C5E79B13043709 /* ComposableArchitecture.framework */; };
		7B8A07053014EB1A2D3A46F0 /* FeatureChallenge.framework in Frameworks */ = {isa = PBXBuildFile; fileRef = 8820E65AB8E8BD367171BBB7 /* FeatureChallenge.framework */; };
		8F83E28FF85705E1D6783EEC /* GBTabBarCoordinator.swift in Sources */ = {isa = PBXBuildFile; fileRef = 18FB85D3143F3814B0CA4873 /* GBTabBarCoordinator.swift */; };
		9928E027EE0662A8D8E2A939 /* FeatureHome.framework in Frameworks */ = {isa = PBXBuildFile; fileRef = 4FBD698D9CD3FB0730422DF2 /* FeatureHome.framework */; };
		99C66AE91E6DAEC446D1912B /* TabNavigationCoordinatorView.swift in Sources */ = {isa = PBXBuildFile; fileRef = 213E139BA7F279222B7DD8FD /* TabNavigationCoordinatorView.swift */; };
		B259163E4EFE29EE4C91A088 /* FeatureCommon.framework in Frameworks */ = {isa = PBXBuildFile; fileRef = 69AB7F8DD20F86FC16F1FE4D /* FeatureCommon.framework */; };
		B2F91D477E50FEDEEF30A0EE /* FeatureMyPage.framework in Frameworks */ = {isa = PBXBuildFile; fileRef = 1907C1F17B1F57AF30FAFD3F /* FeatureMyPage.framework */; };
		BD1606118A67DF0E276C6C4C /* GBTabBarView.swift in Sources */ = {isa = PBXBuildFile; fileRef = B13DA09A9E2BD999D699A50B /* GBTabBarView.swift */; };
		D76E03B62476961397BE397C /* TCACoordinators.framework in Frameworks */ = {isa = PBXBuildFile; fileRef = 363D6936B84395C8C8273622 /* TCACoordinators.framework */; };
		E422E0F7ECE8531D79C8F7DD /* TabNavigationCoordinator.swift in Sources */ = {isa = PBXBuildFile; fileRef = B7350C3DDD492E16EDB899E5 /* TabNavigationCoordinator.swift */; };
/* End PBXBuildFile section */

/* Begin PBXCopyFilesBuildPhase section */
		388C0DF969451ABC8014E95D /* Embed Frameworks */ = {
			isa = PBXCopyFilesBuildPhase;
			buildActionMask = 2147483647;
			dstPath = "";
			dstSubfolderSpec = 10;
			files = (
			);
			name = "Embed Frameworks";
			runOnlyForDeploymentPostprocessing = 0;
		};
/* End PBXCopyFilesBuildPhase section */

/* Begin PBXFileReference section */
		18FB85D3143F3814B0CA4873 /* GBTabBarCoordinator.swift */ = {isa = PBXFileReference; lastKnownFileType = sourcecode.swift; path = GBTabBarCoordinator.swift; sourceTree = "<group>"; };
		1907C1F17B1F57AF30FAFD3F /* FeatureMyPage.framework */ = {isa = PBXFileReference; explicitFileType = wrapper.framework; includeInIndex = 0; path = FeatureMyPage.framework; sourceTree = BUILT_PRODUCTS_DIR; };
		213E139BA7F279222B7DD8FD /* TabNavigationCoordinatorView.swift */ = {isa = PBXFileReference; lastKnownFileType = sourcecode.swift; path = TabNavigationCoordinatorView.swift; sourceTree = "<group>"; };
		311C109152C5E79B13043709 /* ComposableArchitecture.framework */ = {isa = PBXFileReference; explicitFileType = wrapper.framework; includeInIndex = 0; path = ComposableArchitecture.framework; sourceTree = BUILT_PRODUCTS_DIR; };
		363D6936B84395C8C8273622 /* TCACoordinators.framework */ = {isa = PBXFileReference; explicitFileType = wrapper.framework; includeInIndex = 0; path = TCACoordinators.framework; sourceTree = BUILT_PRODUCTS_DIR; };
		3CE20C05CD12B4E778DDFF59 /* FeatureTab-Info.plist */ = {isa = PBXFileReference; lastKnownFileType = text.plist; path = "FeatureTab-Info.plist"; sourceTree = "<group>"; };
		4FBD698D9CD3FB0730422DF2 /* FeatureHome.framework */ = {isa = PBXFileReference; explicitFileType = wrapper.framework; includeInIndex = 0; path = FeatureHome.framework; sourceTree = BUILT_PRODUCTS_DIR; };
		69AB7F8DD20F86FC16F1FE4D /* FeatureCommon.framework */ = {isa = PBXFileReference; explicitFileType = wrapper.framework; includeInIndex = 0; path = FeatureCommon.framework; sourceTree = BUILT_PRODUCTS_DIR; };
		787D9C22D5508120ACE04709 /* FeatureTab.framework */ = {isa = PBXFileReference; explicitFileType = wrapper.framework; includeInIndex = 0; path = FeatureTab.framework; sourceTree = BUILT_PRODUCTS_DIR; };
		86F3FA6DE076432F7F0DB1D7 /* FeatureBuyOrNot.framework */ = {isa = PBXFileReference; explicitFileType = wrapper.framework; includeInIndex = 0; path = FeatureBuyOrNot.framework; sourceTree = BUILT_PRODUCTS_DIR; };
		8820E65AB8E8BD367171BBB7 /* FeatureChallenge.framework */ = {isa = PBXFileReference; explicitFileType = wrapper.framework; includeInIndex = 0; path = FeatureChallenge.framework; sourceTree = BUILT_PRODUCTS_DIR; };
		B13DA09A9E2BD999D699A50B /* GBTabBarView.swift */ = {isa = PBXFileReference; lastKnownFileType = sourcecode.swift; path = GBTabBarView.swift; sourceTree = "<group>"; };
		B7350C3DDD492E16EDB899E5 /* TabNavigationCoordinator.swift */ = {isa = PBXFileReference; lastKnownFileType = sourcecode.swift; path = TabNavigationCoordinator.swift; sourceTree = "<group>"; };
/* End PBXFileReference section */

/* Begin PBXFrameworksBuildPhase section */
		DF1731AB5E7885DA5C77B2E1 /* Frameworks */ = {
			isa = PBXFrameworksBuildPhase;
			buildActionMask = 2147483647;
			files = (
				388D7DBBF5D626E731F49762 /* ComposableArchitecture.framework in Frameworks */,
				2F0739AB69C9FFD52D3BFEC3 /* FeatureBuyOrNot.framework in Frameworks */,
				7B8A07053014EB1A2D3A46F0 /* FeatureChallenge.framework in Frameworks */,
				B259163E4EFE29EE4C91A088 /* FeatureCommon.framework in Frameworks */,
				9928E027EE0662A8D8E2A939 /* FeatureHome.framework in Frameworks */,
				B2F91D477E50FEDEEF30A0EE /* FeatureMyPage.framework in Frameworks */,
				D76E03B62476961397BE397C /* TCACoordinators.framework in Frameworks */,
			);
			runOnlyForDeploymentPostprocessing = 0;
		};
/* End PBXFrameworksBuildPhase section */

/* Begin PBXGroup section */
		0A1711D5DD68969D12B185B6 /* Derived */ = {
			isa = PBXGroup;
			children = (
				F9101BC48C0255BE967D3669 /* InfoPlists */,
			);
			path = Derived;
			sourceTree = "<group>";
		};
		184DF2CB2A53723EE08FB17E /* Project */ = {
			isa = PBXGroup;
			children = (
				0A1711D5DD68969D12B185B6 /* Derived */,
				A7A2A32427294CF306CB58B0 /* Sources */,
			);
			name = Project;
			sourceTree = "<group>";
		};
		4584AD037A69C8318C7E9F64 /* Products */ = {
			isa = PBXGroup;
			children = (
				311C109152C5E79B13043709 /* ComposableArchitecture.framework */,
				86F3FA6DE076432F7F0DB1D7 /* FeatureBuyOrNot.framework */,
				8820E65AB8E8BD367171BBB7 /* FeatureChallenge.framework */,
				69AB7F8DD20F86FC16F1FE4D /* FeatureCommon.framework */,
				4FBD698D9CD3FB0730422DF2 /* FeatureHome.framework */,
				1907C1F17B1F57AF30FAFD3F /* FeatureMyPage.framework */,
				787D9C22D5508120ACE04709 /* FeatureTab.framework */,
				363D6936B84395C8C8273622 /* TCACoordinators.framework */,
			);
			name = Products;
			sourceTree = "<group>";
		};
		7E1E897ECB63BF00C3C82954 /* Tab */ = {
			isa = PBXGroup;
			children = (
				18FB85D3143F3814B0CA4873 /* GBTabBarCoordinator.swift */,
				B13DA09A9E2BD999D699A50B /* GBTabBarView.swift */,
				B7350C3DDD492E16EDB899E5 /* TabNavigationCoordinator.swift */,
				213E139BA7F279222B7DD8FD /* TabNavigationCoordinatorView.swift */,
			);
			path = Tab;
			sourceTree = "<group>";
		};
		8743365BC0FC570E3DA05D66 = {
			isa = PBXGroup;
			children = (
				184DF2CB2A53723EE08FB17E /* Project */,
				4584AD037A69C8318C7E9F64 /* Products */,
			);
			sourceTree = "<group>";
		};
		A7A2A32427294CF306CB58B0 /* Sources */ = {
			isa = PBXGroup;
			children = (
				7E1E897ECB63BF00C3C82954 /* Tab */,
			);
			path = Sources;
			sourceTree = "<group>";
		};
		F9101BC48C0255BE967D3669 /* InfoPlists */ = {
			isa = PBXGroup;
			children = (
				3CE20C05CD12B4E778DDFF59 /* FeatureTab-Info.plist */,
			);
			path = InfoPlists;
			sourceTree = "<group>";
		};
/* End PBXGroup section */

/* Begin PBXNativeTarget section */
		223E713DB5C1D19C24249931 /* FeatureTab */ = {
			isa = PBXNativeTarget;
			buildConfigurationList = AAF10BA140767F598A22B519 /* Build configuration list for PBXNativeTarget "FeatureTab" */;
			buildPhases = (
				E79EDEED2D97F51220584BEE /* Sources */,
				0BB558977E655B49EE9D51B5 /* Resources */,
				DF1731AB5E7885DA5C77B2E1 /* Frameworks */,
				388C0DF969451ABC8014E95D /* Embed Frameworks */,
			);
			buildRules = (
			);
			dependencies = (
			);
			name = FeatureTab;
			packageProductDependencies = (
			);
			productName = FeatureTab;
			productReference = 787D9C22D5508120ACE04709 /* FeatureTab.framework */;
			productType = "com.apple.product-type.framework";
		};
/* End PBXNativeTarget section */

/* Begin PBXProject section */
		17FAE92984734E84B2F941D5 /* Project object */ = {
			isa = PBXProject;
			attributes = {
				BuildIndependentTargetsInParallel = YES;
				TargetAttributes = {
				};
			};
			buildConfigurationList = 3E44EB24CCAE486459FD693A /* Build configuration list for PBXProject "FeatureTab" */;
			compatibilityVersion = "Xcode 14.0";
			developmentRegion = en;
			hasScannedForEncodings = 0;
			knownRegions = (
				Base,
				en,
			);
			mainGroup = 8743365BC0FC570E3DA05D66;
			productRefGroup = 4584AD037A69C8318C7E9F64 /* Products */;
			projectDirPath = "";
			projectRoot = "";
			targets = (
				223E713DB5C1D19C24249931 /* FeatureTab */,
			);
		};
/* End PBXProject section */

/* Begin PBXResourcesBuildPhase section */
		0BB558977E655B49EE9D51B5 /* Resources */ = {
			isa = PBXResourcesBuildPhase;
			buildActionMask = 2147483647;
			files = (
			);
			runOnlyForDeploymentPostprocessing = 0;
		};
/* End PBXResourcesBuildPhase section */

/* Begin PBXSourcesBuildPhase section */
		E79EDEED2D97F51220584BEE /* Sources */ = {
			isa = PBXSourcesBuildPhase;
			buildActionMask = 2147483647;
			files = (
				8F83E28FF85705E1D6783EEC /* GBTabBarCoordinator.swift in Sources */,
				BD1606118A67DF0E276C6C4C /* GBTabBarView.swift in Sources */,
				E422E0F7ECE8531D79C8F7DD /* TabNavigationCoordinator.swift in Sources */,
				99C66AE91E6DAEC446D1912B /* TabNavigationCoordinatorView.swift in Sources */,
			);
			runOnlyForDeploymentPostprocessing = 0;
		};
/* End PBXSourcesBuildPhase section */

/* Begin XCBuildConfiguration section */
		0E4D18BC0D3E5EDB7072C1F7 /* Release */ = {
			isa = XCBuildConfiguration;
			buildSettings = {
				ALWAYS_SEARCH_USER_PATHS = NO;
				CLANG_ANALYZER_LOCALIZABILITY_NONLOCALIZED = YES;
				CLANG_ANALYZER_NONNULL = YES;
				CLANG_ANALYZER_NUMBER_OBJECT_CONVERSION = YES_AGGRESSIVE;
				CLANG_CXX_LANGUAGE_STANDARD = "gnu++14";
				CLANG_CXX_LIBRARY = "libc++";
				CLANG_ENABLE_MODULES = YES;
				CLANG_ENABLE_OBJC_ARC = YES;
				CLANG_ENABLE_OBJC_WEAK = YES;
				CLANG_WARN_BLOCK_CAPTURE_AUTORELEASING = YES;
				CLANG_WARN_BOOL_CONVERSION = YES;
				CLANG_WARN_COMMA = YES;
				CLANG_WARN_CONSTANT_CONVERSION = YES;
				CLANG_WARN_DEPRECATED_OBJC_IMPLEMENTATIONS = YES;
				CLANG_WARN_DIRECT_OBJC_ISA_USAGE = YES_ERROR;
				CLANG_WARN_DOCUMENTATION_COMMENTS = YES;
				CLANG_WARN_EMPTY_BODY = YES;
				CLANG_WARN_ENUM_CONVERSION = YES;
				CLANG_WARN_INFINITE_RECURSION = YES;
				CLANG_WARN_INT_CONVERSION = YES;
				CLANG_WARN_NON_LITERAL_NULL_CONVERSION = YES;
				CLANG_WARN_OBJC_IMPLICIT_RETAIN_SELF = YES;
				CLANG_WARN_OBJC_LITERAL_CONVERSION = YES;
				CLANG_WARN_OBJC_ROOT_CLASS = YES_ERROR;
				CLANG_WARN_QUOTED_INCLUDE_IN_FRAMEWORK_HEADER = YES;
				CLANG_WARN_RANGE_LOOP_ANALYSIS = YES;
				CLANG_WARN_STRICT_PROTOTYPES = YES;
				CLANG_WARN_SUSPICIOUS_MOVE = YES;
				CLANG_WARN_UNGUARDED_AVAILABILITY = YES_AGGRESSIVE;
				CLANG_WARN_UNREACHABLE_CODE = YES;
				CLANG_WARN__DUPLICATE_METHOD_MATCH = YES;
				COPY_PHASE_STRIP = NO;
				DEAD_CODE_STRIPPING = YES;
				DEBUG_INFORMATION_FORMAT = "dwarf-with-dsym";
				ENABLE_NS_ASSERTIONS = NO;
				ENABLE_STRICT_OBJC_MSGSEND = YES;
				GCC_C_LANGUAGE_STANDARD = gnu11;
				GCC_NO_COMMON_BLOCKS = YES;
				GCC_WARN_64_TO_32_BIT_CONVERSION = YES;
				GCC_WARN_ABOUT_RETURN_TYPE = YES_ERROR;
				GCC_WARN_UNDECLARED_SELECTOR = YES;
				GCC_WARN_UNINITIALIZED_AUTOS = YES_AGGRESSIVE;
				GCC_WARN_UNUSED_FUNCTION = YES;
				GCC_WARN_UNUSED_VARIABLE = YES;
				MTL_ENABLE_DEBUG_INFO = NO;
				PRODUCT_NAME = "$(TARGET_NAME)";
				VALIDATE_PRODUCT = YES;
			};
			name = Release;
		};
		2E5FB6F29C13BBA7EEF9F345 /* Debug */ = {
			isa = XCBuildConfiguration;
			buildSettings = {
				CODE_SIGN_IDENTITY = "";
				CURRENT_PROJECT_VERSION = 1;
				DEFINES_MODULE = YES;
				DYLIB_COMPATIBILITY_VERSION = 1;
				DYLIB_CURRENT_VERSION = 1;
				DYLIB_INSTALL_NAME_BASE = "@rpath";
				HEADER_SEARCH_PATHS = (
					"$(inherited)",
					"$(SRCROOT)/../../../../Tuist/.build/checkouts/swift-navigation/Sources/UIKitNavigationShim/include",
					"$(SRCROOT)/../../../../Tuist/.build/checkouts/swift-syntax/Sources/_SwiftSyntaxCShims/include",
				);
				INFOPLIST_FILE = "Derived/InfoPlists/FeatureTab-Info.plist";
				INSTALL_PATH = "$(LOCAL_LIBRARY_DIR)/Frameworks";
				IPHONEOS_DEPLOYMENT_TARGET = 16.0;
				LD_RUNPATH_SEARCH_PATHS = (
					"$(inherited)",
					"@executable_path/Frameworks",
					"@loader_path/Frameworks",
				);
				OTHER_CFLAGS = (
					"$(inherited)",
					"-fmodule-map-file=$(SRCROOT)/../../../../Tuist/.build/checkouts/swift-syntax/Sources/_SwiftSyntaxCShims/include/module.modulemap",
					"-fmodule-map-file=$(SRCROOT)/../../../../Tuist/.build/tuist-derived/UIKitNavigationShim/UIKitNavigationShim.modulemap",
				);
				OTHER_SWIFT_FLAGS = (
					"$(inherited)",
					"-Xcc",
					"-fmodule-map-file=$(SRCROOT)/../../../../Tuist/.build/checkouts/swift-syntax/Sources/_SwiftSyntaxCShims/include/module.modulemap",
					"-Xcc",
					"-fmodule-map-file=$(SRCROOT)/../../../../Tuist/.build/tuist-derived/UIKitNavigationShim/UIKitNavigationShim.modulemap",
					"-load-plugin-executable",
					"$BUILD_DIR/Debug$EFFECTIVE_PLATFORM_NAME/CasePathsMacros#CasePathsMacros",
					"-load-plugin-executable",
					"$BUILD_DIR/Debug$EFFECTIVE_PLATFORM_NAME/ComposableArchitectureMacros#ComposableArchitectureMacros",
					"-load-plugin-executable",
					"$BUILD_DIR/Debug$EFFECTIVE_PLATFORM_NAME/DependenciesMacrosPlugin#DependenciesMacrosPlugin",
					"-load-plugin-executable",
					"$BUILD_DIR/Debug$EFFECTIVE_PLATFORM_NAME/PerceptionMacros#PerceptionMacros",
				);
				PRODUCT_BUNDLE_IDENTIFIER = com.frameWork.FeatureTab;
				PRODUCT_NAME = FeatureTab;
				SDKROOT = iphoneos;
				SKIP_INSTALL = YES;
				SUPPORTS_MACCATALYST = NO;
				SUPPORTS_MAC_DESIGNED_FOR_IPHONE_IPAD = NO;
				SUPPORTS_XR_DESIGNED_FOR_IPHONE_IPAD = NO;
				SWIFT_ACTIVE_COMPILATION_CONDITIONS = (
					"$(inherited)",
					DEBUG,
				);
				SWIFT_COMPILATION_MODE = singlefile;
				SWIFT_OPTIMIZATION_LEVEL = "-Onone";
				SWIFT_VERSION = 5.0;
				TARGETED_DEVICE_FAMILY = 1;
				VERSIONING_SYSTEM = "apple-generic";
				VERSION_INFO_PREFIX = "";
			};
			name = Debug;
		};
		77795C95BA9E894DD4AA7455 /* Release */ = {
			isa = XCBuildConfiguration;
			buildSettings = {
				CODE_SIGN_IDENTITY = "";
				CURRENT_PROJECT_VERSION = 1;
				DEFINES_MODULE = YES;
				DYLIB_COMPATIBILITY_VERSION = 1;
				DYLIB_CURRENT_VERSION = 1;
				DYLIB_INSTALL_NAME_BASE = "@rpath";
				HEADER_SEARCH_PATHS = (
					"$(inherited)",
					"$(SRCROOT)/../../../../Tuist/.build/checkouts/swift-navigation/Sources/UIKitNavigationShim/include",
					"$(SRCROOT)/../../../../Tuist/.build/checkouts/swift-syntax/Sources/_SwiftSyntaxCShims/include",
				);
				INFOPLIST_FILE = "Derived/InfoPlists/FeatureTab-Info.plist";
				INSTALL_PATH = "$(LOCAL_LIBRARY_DIR)/Frameworks";
				IPHONEOS_DEPLOYMENT_TARGET = 16.0;
				LD_RUNPATH_SEARCH_PATHS = (
					"$(inherited)",
					"@executable_path/Frameworks",
					"@loader_path/Frameworks",
				);
				OTHER_CFLAGS = (
					"$(inherited)",
					"-fmodule-map-file=$(SRCROOT)/../../../../Tuist/.build/checkouts/swift-syntax/Sources/_SwiftSyntaxCShims/include/module.modulemap",
					"-fmodule-map-file=$(SRCROOT)/../../../../Tuist/.build/tuist-derived/UIKitNavigationShim/UIKitNavigationShim.modulemap",
				);
				OTHER_SWIFT_FLAGS = (
					"$(inherited)",
					"-Xcc",
					"-fmodule-map-file=$(SRCROOT)/../../../../Tuist/.build/checkouts/swift-syntax/Sources/_SwiftSyntaxCShims/include/module.modulemap",
					"-Xcc",
					"-fmodule-map-file=$(SRCROOT)/../../../../Tuist/.build/tuist-derived/UIKitNavigationShim/UIKitNavigationShim.modulemap",
					"-load-plugin-executable",
					"$BUILD_DIR/Debug$EFFECTIVE_PLATFORM_NAME/CasePathsMacros#CasePathsMacros",
					"-load-plugin-executable",
					"$BUILD_DIR/Debug$EFFECTIVE_PLATFORM_NAME/ComposableArchitectureMacros#ComposableArchitectureMacros",
					"-load-plugin-executable",
					"$BUILD_DIR/Debug$EFFECTIVE_PLATFORM_NAME/DependenciesMacrosPlugin#DependenciesMacrosPlugin",
					"-load-plugin-executable",
					"$BUILD_DIR/Debug$EFFECTIVE_PLATFORM_NAME/PerceptionMacros#PerceptionMacros",
				);
				PRODUCT_BUNDLE_IDENTIFIER = com.frameWork.FeatureTab;
				PRODUCT_NAME = FeatureTab;
				SDKROOT = iphoneos;
				SKIP_INSTALL = YES;
				SUPPORTS_MACCATALYST = NO;
				SUPPORTS_MAC_DESIGNED_FOR_IPHONE_IPAD = NO;
				SUPPORTS_XR_DESIGNED_FOR_IPHONE_IPAD = NO;
				SWIFT_COMPILATION_MODE = wholemodule;
				SWIFT_OPTIMIZATION_LEVEL = "-Owholemodule";
				SWIFT_VERSION = 5.0;
				TARGETED_DEVICE_FAMILY = 1;
				VERSIONING_SYSTEM = "apple-generic";
				VERSION_INFO_PREFIX = "";
			};
			name = Release;
		};
		B6AA836CFDB4675B4A807260 /* Debug */ = {
			isa = XCBuildConfiguration;
			buildSettings = {
				ALWAYS_SEARCH_USER_PATHS = NO;
				CLANG_ANALYZER_LOCALIZABILITY_NONLOCALIZED = YES;
				CLANG_ANALYZER_NONNULL = YES;
				CLANG_ANALYZER_NUMBER_OBJECT_CONVERSION = YES_AGGRESSIVE;
				CLANG_CXX_LANGUAGE_STANDARD = "gnu++14";
				CLANG_CXX_LIBRARY = "libc++";
				CLANG_ENABLE_MODULES = YES;
				CLANG_ENABLE_OBJC_ARC = YES;
				CLANG_ENABLE_OBJC_WEAK = YES;
				CLANG_WARN_BLOCK_CAPTURE_AUTORELEASING = YES;
				CLANG_WARN_BOOL_CONVERSION = YES;
				CLANG_WARN_COMMA = YES;
				CLANG_WARN_CONSTANT_CONVERSION = YES;
				CLANG_WARN_DEPRECATED_OBJC_IMPLEMENTATIONS = YES;
				CLANG_WARN_DIRECT_OBJC_ISA_USAGE = YES_ERROR;
				CLANG_WARN_DOCUMENTATION_COMMENTS = YES;
				CLANG_WARN_EMPTY_BODY = YES;
				CLANG_WARN_ENUM_CONVERSION = YES;
				CLANG_WARN_INFINITE_RECURSION = YES;
				CLANG_WARN_INT_CONVERSION = YES;
				CLANG_WARN_NON_LITERAL_NULL_CONVERSION = YES;
				CLANG_WARN_OBJC_IMPLICIT_RETAIN_SELF = YES;
				CLANG_WARN_OBJC_LITERAL_CONVERSION = YES;
				CLANG_WARN_OBJC_ROOT_CLASS = YES_ERROR;
				CLANG_WARN_QUOTED_INCLUDE_IN_FRAMEWORK_HEADER = YES;
				CLANG_WARN_RANGE_LOOP_ANALYSIS = YES;
				CLANG_WARN_STRICT_PROTOTYPES = YES;
				CLANG_WARN_SUSPICIOUS_MOVE = YES;
				CLANG_WARN_UNGUARDED_AVAILABILITY = YES_AGGRESSIVE;
				CLANG_WARN_UNREACHABLE_CODE = YES;
				CLANG_WARN__DUPLICATE_METHOD_MATCH = YES;
				COPY_PHASE_STRIP = NO;
				DEAD_CODE_STRIPPING = YES;
				DEBUG_INFORMATION_FORMAT = dwarf;
				ENABLE_STRICT_OBJC_MSGSEND = YES;
				ENABLE_TESTABILITY = YES;
				GCC_C_LANGUAGE_STANDARD = gnu11;
				GCC_DYNAMIC_NO_PIC = NO;
				GCC_NO_COMMON_BLOCKS = YES;
				GCC_OPTIMIZATION_LEVEL = 0;
				GCC_PREPROCESSOR_DEFINITIONS = (
					"DEBUG=1",
					"$(inherited)",
				);
				GCC_WARN_64_TO_32_BIT_CONVERSION = YES;
				GCC_WARN_ABOUT_RETURN_TYPE = YES_ERROR;
				GCC_WARN_UNDECLARED_SELECTOR = YES;
				GCC_WARN_UNINITIALIZED_AUTOS = YES_AGGRESSIVE;
				GCC_WARN_UNUSED_FUNCTION = YES;
				GCC_WARN_UNUSED_VARIABLE = YES;
				MTL_ENABLE_DEBUG_INFO = YES;
				ONLY_ACTIVE_ARCH = YES;
				PRODUCT_NAME = "$(TARGET_NAME)";
			};
			name = Debug;
		};
/* End XCBuildConfiguration section */

/* Begin XCConfigurationList section */
		3E44EB24CCAE486459FD693A /* Build configuration list for PBXProject "FeatureTab" */ = {
			isa = XCConfigurationList;
			buildConfigurations = (
				B6AA836CFDB4675B4A807260 /* Debug */,
				0E4D18BC0D3E5EDB7072C1F7 /* Release */,
			);
			defaultConfigurationIsVisible = 0;
			defaultConfigurationName = Release;
		};
		AAF10BA140767F598A22B519 /* Build configuration list for PBXNativeTarget "FeatureTab" */ = {
			isa = XCConfigurationList;
			buildConfigurations = (
				2E5FB6F29C13BBA7EEF9F345 /* Debug */,
				77795C95BA9E894DD4AA7455 /* Release */,
			);
			defaultConfigurationIsVisible = 0;
			defaultConfigurationName = Release;
		};
/* End XCConfigurationList section */
	};
	rootObject = 17FAE92984734E84B2F941D5 /* Project object */;
}
